// !$*UTF8*$!
{
	archiveVersion = 1;
	classes = {
	};
	objectVersion = 46;
	objects = {

/* Begin PBXBuildFile section */
		1784B0BF1F67A5D500E4CD7F /* UMPush.framework in Frameworks */ = {isa = PBXBuildFile; fileRef = 7B8D03771F5FC0ED0065B0BA /* UMPush.framework */; };
		1AC6FB21180E996B004C840B /* libcocos2d Mac.a in Frameworks */ = {isa = PBXBuildFile; fileRef = 1AC6FAF9180E9839004C840B /* libcocos2d Mac.a */; };
		1AC6FB30180E99EB004C840B /* libcocos2d iOS.a in Frameworks */ = {isa = PBXBuildFile; fileRef = 1AC6FB07180E9839004C840B /* libcocos2d iOS.a */; };
		1D60589F0D05DD5A006BFB54 /* Foundation.framework in Frameworks */ = {isa = PBXBuildFile; fileRef = 1D30AB110D05D00D00671497 /* Foundation.framework */; };
		1DF5F4E00D08C38300B7A737 /* UIKit.framework in Frameworks */ = {isa = PBXBuildFile; fileRef = 1DF5F4DF0D08C38300B7A737 /* UIKit.framework */; };
		288765A50DF7441C002DB57D /* CoreGraphics.framework in Frameworks */ = {isa = PBXBuildFile; fileRef = 288765A40DF7441C002DB57D /* CoreGraphics.framework */; };
		3EACC98F19EE6D4300EB3C5E /* res in Resources */ = {isa = PBXBuildFile; fileRef = 3EACC98E19EE6D4300EB3C5E /* res */; };
		3EACC99019EE6D4300EB3C5E /* res in Resources */ = {isa = PBXBuildFile; fileRef = 3EACC98E19EE6D4300EB3C5E /* res */; };
		46880B7B19C43A67006E1F66 /* CloseNormal.png in Resources */ = {isa = PBXBuildFile; fileRef = 46880B7619C43A67006E1F66 /* CloseNormal.png */; };
		46880B7C19C43A67006E1F66 /* CloseNormal.png in Resources */ = {isa = PBXBuildFile; fileRef = 46880B7619C43A67006E1F66 /* CloseNormal.png */; };
		46880B7D19C43A67006E1F66 /* CloseSelected.png in Resources */ = {isa = PBXBuildFile; fileRef = 46880B7719C43A67006E1F66 /* CloseSelected.png */; };
		46880B7E19C43A67006E1F66 /* CloseSelected.png in Resources */ = {isa = PBXBuildFile; fileRef = 46880B7719C43A67006E1F66 /* CloseSelected.png */; };
		46880B8119C43A67006E1F66 /* HelloWorld.png in Resources */ = {isa = PBXBuildFile; fileRef = 46880B7A19C43A67006E1F66 /* HelloWorld.png */; };
		46880B8219C43A67006E1F66 /* HelloWorld.png in Resources */ = {isa = PBXBuildFile; fileRef = 46880B7A19C43A67006E1F66 /* HelloWorld.png */; };
		46880B8819C43A87006E1F66 /* AppDelegate.cpp in Sources */ = {isa = PBXBuildFile; fileRef = 46880B8419C43A87006E1F66 /* AppDelegate.cpp */; };
		46880B8919C43A87006E1F66 /* AppDelegate.cpp in Sources */ = {isa = PBXBuildFile; fileRef = 46880B8419C43A87006E1F66 /* AppDelegate.cpp */; };
		46880B8A19C43A87006E1F66 /* HelloWorldScene.cpp in Sources */ = {isa = PBXBuildFile; fileRef = 46880B8619C43A87006E1F66 /* HelloWorldScene.cpp */; };
		46880B8B19C43A87006E1F66 /* HelloWorldScene.cpp in Sources */ = {isa = PBXBuildFile; fileRef = 46880B8619C43A87006E1F66 /* HelloWorldScene.cpp */; };
		503AE0F817EB97AB00D1A890 /* Icon.icns in Resources */ = {isa = PBXBuildFile; fileRef = 503AE0F617EB97AB00D1A890 /* Icon.icns */; };
		503AE10017EB989F00D1A890 /* AppController.mm in Sources */ = {isa = PBXBuildFile; fileRef = 503AE0FB17EB989F00D1A890 /* AppController.mm */; };
		503AE10117EB989F00D1A890 /* main.m in Sources */ = {isa = PBXBuildFile; fileRef = 503AE0FC17EB989F00D1A890 /* main.m */; };
		503AE10217EB989F00D1A890 /* RootViewController.mm in Sources */ = {isa = PBXBuildFile; fileRef = 503AE0FF17EB989F00D1A890 /* RootViewController.mm */; };
		503AE10517EB98FF00D1A890 /* main.cpp in Sources */ = {isa = PBXBuildFile; fileRef = 503AE10317EB98FF00D1A890 /* main.cpp */; };
		503AE11B17EB9C5A00D1A890 /* IOKit.framework in Frameworks */ = {isa = PBXBuildFile; fileRef = 503AE11A17EB9C5A00D1A890 /* IOKit.framework */; };
		5087E76317EB910900C73F5D /* Foundation.framework in Frameworks */ = {isa = PBXBuildFile; fileRef = 1D30AB110D05D00D00671497 /* Foundation.framework */; };
		5087E76717EB910900C73F5D /* libz.dylib in Frameworks */ = {isa = PBXBuildFile; fileRef = BF170DB412928DE900B8313A /* libz.dylib */; };
		5087E76817EB910900C73F5D /* QuartzCore.framework in Frameworks */ = {isa = PBXBuildFile; fileRef = BF1C47EA1293683800B63C5D /* QuartzCore.framework */; };
		5087E76917EB910900C73F5D /* OpenAL.framework in Frameworks */ = {isa = PBXBuildFile; fileRef = D44C620B132DFF330009C878 /* OpenAL.framework */; };
		5087E76A17EB910900C73F5D /* AVFoundation.framework in Frameworks */ = {isa = PBXBuildFile; fileRef = D44C620D132DFF430009C878 /* AVFoundation.framework */; };
		5087E76B17EB910900C73F5D /* AudioToolbox.framework in Frameworks */ = {isa = PBXBuildFile; fileRef = D44C620F132DFF4E0009C878 /* AudioToolbox.framework */; };
		5087E77D17EB970100C73F5D /* Default-568h@2x.png in Resources */ = {isa = PBXBuildFile; fileRef = 5087E77217EB970100C73F5D /* Default-568h@2x.png */; };
		5087E77E17EB970100C73F5D /* Default.png in Resources */ = {isa = PBXBuildFile; fileRef = 5087E77317EB970100C73F5D /* Default.png */; };
		5087E77F17EB970100C73F5D /* Default@2x.png in Resources */ = {isa = PBXBuildFile; fileRef = 5087E77417EB970100C73F5D /* Default@2x.png */; };
		5087E78017EB970100C73F5D /* Icon-114.png in Resources */ = {isa = PBXBuildFile; fileRef = 5087E77517EB970100C73F5D /* Icon-114.png */; };
		5087E78117EB970100C73F5D /* Icon-120.png in Resources */ = {isa = PBXBuildFile; fileRef = 5087E77617EB970100C73F5D /* Icon-120.png */; };
		5087E78217EB970100C73F5D /* Icon-144.png in Resources */ = {isa = PBXBuildFile; fileRef = 5087E77717EB970100C73F5D /* Icon-144.png */; };
		5087E78317EB970100C73F5D /* Icon-152.png in Resources */ = {isa = PBXBuildFile; fileRef = 5087E77817EB970100C73F5D /* Icon-152.png */; };
		5087E78417EB970100C73F5D /* Icon-57.png in Resources */ = {isa = PBXBuildFile; fileRef = 5087E77917EB970100C73F5D /* Icon-57.png */; };
		5087E78517EB970100C73F5D /* Icon-72.png in Resources */ = {isa = PBXBuildFile; fileRef = 5087E77A17EB970100C73F5D /* Icon-72.png */; };
		5087E78617EB970100C73F5D /* Icon-76.png in Resources */ = {isa = PBXBuildFile; fileRef = 5087E77B17EB970100C73F5D /* Icon-76.png */; };
		5087E78917EB974C00C73F5D /* AppKit.framework in Frameworks */ = {isa = PBXBuildFile; fileRef = 5087E78817EB974C00C73F5D /* AppKit.framework */; };
		5087E78B17EB975400C73F5D /* OpenGL.framework in Frameworks */ = {isa = PBXBuildFile; fileRef = 5087E78A17EB975400C73F5D /* OpenGL.framework */; };
		50EF629617ECD46A001EB2F8 /* Icon-40.png in Resources */ = {isa = PBXBuildFile; fileRef = 50EF629217ECD46A001EB2F8 /* Icon-40.png */; };
		50EF629717ECD46A001EB2F8 /* Icon-58.png in Resources */ = {isa = PBXBuildFile; fileRef = 50EF629317ECD46A001EB2F8 /* Icon-58.png */; };
		50EF629817ECD46A001EB2F8 /* Icon-80.png in Resources */ = {isa = PBXBuildFile; fileRef = 50EF629417ECD46A001EB2F8 /* Icon-80.png */; };
		50EF629917ECD46A001EB2F8 /* Icon-100.png in Resources */ = {isa = PBXBuildFile; fileRef = 50EF629517ECD46A001EB2F8 /* Icon-100.png */; };
		50EF62A217ECD613001EB2F8 /* Icon-29.png in Resources */ = {isa = PBXBuildFile; fileRef = 50EF62A017ECD613001EB2F8 /* Icon-29.png */; };
		50EF62A317ECD613001EB2F8 /* Icon-50.png in Resources */ = {isa = PBXBuildFile; fileRef = 50EF62A117ECD613001EB2F8 /* Icon-50.png */; };
		521A8E6419F0C34300D177D7 /* Default-667h@2x.png in Resources */ = {isa = PBXBuildFile; fileRef = 521A8E6219F0C34300D177D7 /* Default-667h@2x.png */; };
		521A8E6519F0C34300D177D7 /* Default-736h@3x.png in Resources */ = {isa = PBXBuildFile; fileRef = 521A8E6319F0C34300D177D7 /* Default-736h@3x.png */; };
		521A8EA919F11F5000D177D7 /* fonts in Resources */ = {isa = PBXBuildFile; fileRef = 521A8EA819F11F5000D177D7 /* fonts */; };
		521A8EAA19F11F5000D177D7 /* fonts in Resources */ = {isa = PBXBuildFile; fileRef = 521A8EA819F11F5000D177D7 /* fonts */; };
		52B47A471A53D09C004E4C60 /* Security.framework in Frameworks */ = {isa = PBXBuildFile; fileRef = 52B47A461A53D09B004E4C60 /* Security.framework */; };
		7B8D02A31F5EC17D0065B0BA /* AuthScene.cpp in Sources */ = {isa = PBXBuildFile; fileRef = 7B8D02451F5EC17D0065B0BA /* AuthScene.cpp */; };
		7B8D02A51F5EC17D0065B0BA /* CCUMSocialSDK.cpp in Sources */ = {isa = PBXBuildFile; fileRef = 7B8D024C1F5EC17D0065B0BA /* CCUMSocialSDK.cpp */; };
		7B8D02A61F5EC17D0065B0BA /* UmSocialControllerIOS.mm in Sources */ = {isa = PBXBuildFile; fileRef = 7B8D02511F5EC17D0065B0BA /* UmSocialControllerIOS.mm */; };
		7B8D02A71F5EC17D0065B0BA /* Entrance.cpp in Sources */ = {isa = PBXBuildFile; fileRef = 7B8D02521F5EC17D0065B0BA /* Entrance.cpp */; };
		7B8D02A81F5EC17D0065B0BA /* GetScene.cpp in Sources */ = {isa = PBXBuildFile; fileRef = 7B8D02541F5EC17D0065B0BA /* GetScene.cpp */; };
		7B8D02CA1F5ECBF80065B0BA /* libc++.tbd in Frameworks */ = {isa = PBXBuildFile; fileRef = 7B8D02C91F5ECBF80065B0BA /* libc++.tbd */; };
		7B8D02CC1F5ECC020065B0BA /* OpenGLES.framework in Frameworks */ = {isa = PBXBuildFile; fileRef = 7B8D02CB1F5ECC020065B0BA /* OpenGLES.framework */; };
		7B8D02CE1F5ECC280065B0BA /* libsqlite3.tbd in Frameworks */ = {isa = PBXBuildFile; fileRef = 7B8D02CD1F5ECC280065B0BA /* libsqlite3.tbd */; };
		7B8D02D01F5ECC390065B0BA /* libxml2.tbd in Frameworks */ = {isa = PBXBuildFile; fileRef = 7B8D02CF1F5ECC390065B0BA /* libxml2.tbd */; };
		7B8D02D21F5ECC490065B0BA /* SystemConfiguration.framework in Frameworks */ = {isa = PBXBuildFile; fileRef = 7B8D02D11F5ECC490065B0BA /* SystemConfiguration.framework */; };
		7B8D02D41F5ECC8A0065B0BA /* CoreTelephony.framework in Frameworks */ = {isa = PBXBuildFile; fileRef = 7B8D02D31F5ECC8A0065B0BA /* CoreTelephony.framework */; };
		7B8D02D61F5ECC970065B0BA /* Accounts.framework in Frameworks */ = {isa = PBXBuildFile; fileRef = 7B8D02D51F5ECC970065B0BA /* Accounts.framework */; };
		7B8D02D81F5ECCA30065B0BA /* Social.framework in Frameworks */ = {isa = PBXBuildFile; fileRef = 7B8D02D71F5ECCA30065B0BA /* Social.framework */; };
		7B8D02DA1F5ECCB10065B0BA /* ImageIO.framework in Frameworks */ = {isa = PBXBuildFile; fileRef = 7B8D02D91F5ECCB10065B0BA /* ImageIO.framework */; };
		7B8D02DC1F5ECCC00065B0BA /* CoreData.framework in Frameworks */ = {isa = PBXBuildFile; fileRef = 7B8D02DB1F5ECCC00065B0BA /* CoreData.framework */; };
		7B8D02DE1F5ECCCE0065B0BA /* CoreText.framework in Frameworks */ = {isa = PBXBuildFile; fileRef = 7B8D02DD1F5ECCCE0065B0BA /* CoreText.framework */; };
		7B8D02E01F5ECF410065B0BA /* ShareScene.cpp in Sources */ = {isa = PBXBuildFile; fileRef = 7B8D02DF1F5ECF410065B0BA /* ShareScene.cpp */; };
		7B8D03451F5ED12F0065B0BA /* PushScence.cpp in Sources */ = {isa = PBXBuildFile; fileRef = 7B8D02E41F5ED12F0065B0BA /* PushScence.cpp */; };
		7B8D03701F5ED1420065B0BA /* AnalyticsHome.cpp in Sources */ = {isa = PBXBuildFile; fileRef = 7B8D036E1F5ED1420065B0BA /* AnalyticsHome.cpp */; };
		7B8D03751F5F88600065B0BA /* AppScence.cpp in Sources */ = {isa = PBXBuildFile; fileRef = 7B8D03711F5F885F0065B0BA /* AppScence.cpp */; };
		7B8D03761F5F88600065B0BA /* GameScence.cpp in Sources */ = {isa = PBXBuildFile; fileRef = 7B8D03731F5F885F0065B0BA /* GameScence.cpp */; };
		7B8D037B1F5FC0F70065B0BA /* UMCommon.framework in Frameworks */ = {isa = PBXBuildFile; fileRef = 7B8D037A1F5FC0F70065B0BA /* UMCommon.framework */; };
		7B8D03C01F5FC13A0065B0BA /* libSocialEmail.a in Frameworks */ = {isa = PBXBuildFile; fileRef = 7B8D03811F5FC13A0065B0BA /* libSocialEmail.a */; };
		7B8D03C71F5FC13A0065B0BA /* libSocialQQ.a in Frameworks */ = {isa = PBXBuildFile; fileRef = 7B8D038D1F5FC13A0065B0BA /* libSocialQQ.a */; };
		7B8D03C81F5FC13A0065B0BA /* TencentOpenAPI.framework in Frameworks */ = {isa = PBXBuildFile; fileRef = 7B8D038F1F5FC13A0065B0BA /* TencentOpenAPI.framework */; };
		7B8D03C91F5FC13A0065B0BA /* TencentOpenApi_IOS_Bundle.bundle in Resources */ = {isa = PBXBuildFile; fileRef = 7B8D03901F5FC13A0065B0BA /* TencentOpenApi_IOS_Bundle.bundle */; };
		7B8D03CA1F5FC13A0065B0BA /* libSocialSina.a in Frameworks */ = {isa = PBXBuildFile; fileRef = 7B8D03931F5FC13A0065B0BA /* libSocialSina.a */; };
		7B8D03CB1F5FC13A0065B0BA /* libWeiboSDK.a in Frameworks */ = {isa = PBXBuildFile; fileRef = 7B8D03951F5FC13A0065B0BA /* libWeiboSDK.a */; };
		7B8D03CC1F5FC13A0065B0BA /* WeiboSDK.bundle in Resources */ = {isa = PBXBuildFile; fileRef = 7B8D039F1F5FC13A0065B0BA /* WeiboSDK.bundle */; };
		7B8D03CD1F5FC13A0065B0BA /* libSocialTencentWeibo.a in Frameworks */ = {isa = PBXBuildFile; fileRef = 7B8D03A41F5FC13A0065B0BA /* libSocialTencentWeibo.a */; };
		7B8D03CE1F5FC13A0065B0BA /* Fabric.framework in Frameworks */ = {isa = PBXBuildFile; fileRef = 7B8D03A71F5FC13A0065B0BA /* Fabric.framework */; };
		7B8D03CF1F5FC13A0065B0BA /* libSocialTwitter.a in Frameworks */ = {isa = PBXBuildFile; fileRef = 7B8D03A81F5FC13A0065B0BA /* libSocialTwitter.a */; };
		7B8D03D01F5FC13A0065B0BA /* TwitterCore.framework in Frameworks */ = {isa = PBXBuildFile; fileRef = 7B8D03A91F5FC13A0065B0BA /* TwitterCore.framework */; };
		7B8D03D11F5FC13A0065B0BA /* TwitterKit.framework in Frameworks */ = {isa = PBXBuildFile; fileRef = 7B8D03AA1F5FC13A0065B0BA /* TwitterKit.framework */; };
		7B8D03D21F5FC13A0065B0BA /* libSocialWeChat.a in Frameworks */ = {isa = PBXBuildFile; fileRef = 7B8D03AD1F5FC13A0065B0BA /* libSocialWeChat.a */; };
		7B8D03D31F5FC13A0065B0BA /* libWeChatSDK.a in Frameworks */ = {isa = PBXBuildFile; fileRef = 7B8D03B01F5FC13A0065B0BA /* libWeChatSDK.a */; };
		7B8D03D41F5FC13A0065B0BA /* README.txt in Resources */ = {isa = PBXBuildFile; fileRef = 7B8D03B11F5FC13A0065B0BA /* README.txt */; };
		7B8D03D51F5FC13A0065B0BA /* libSocialWhatsApp.a in Frameworks */ = {isa = PBXBuildFile; fileRef = 7B8D03B61F5FC13A0065B0BA /* libSocialWhatsApp.a */; };
		7B8D03D61F5FC13A0065B0BA /* libUMSocialCloudShare.a in Frameworks */ = {isa = PBXBuildFile; fileRef = 7B8D03B91F5FC13A0065B0BA /* libUMSocialCloudShare.a */; };
		7B8D03D71F5FC13A0065B0BA /* libUMSocialLog.a in Frameworks */ = {isa = PBXBuildFile; fileRef = 7B8D03BA1F5FC13A0065B0BA /* libUMSocialLog.a */; };
		7B8D03D81F5FC13A0065B0BA /* UMShare.framework in Frameworks */ = {isa = PBXBuildFile; fileRef = 7B8D03BB1F5FC13A0065B0BA /* UMShare.framework */; };
		7B8D03D91F5FC13A0065B0BA /* UMSocialSDKPromptResources.bundle in Resources */ = {isa = PBXBuildFile; fileRef = 7B8D03BC1F5FC13A0065B0BA /* UMSocialSDKPromptResources.bundle */; };
		7B8D03DA1F5FC13A0065B0BA /* UMSocialSDKResources.bundle in Resources */ = {isa = PBXBuildFile; fileRef = 7B8D03BE1F5FC13A0065B0BA /* UMSocialSDKResources.bundle */; };
		7B8D03DB1F5FC13A0065B0BA /* UShareUI.framework in Frameworks */ = {isa = PBXBuildFile; fileRef = 7B8D03BF1F5FC13A0065B0BA /* UShareUI.framework */; };
		7B8D03DD1F5FC9A70065B0BA /* CoreLocation.framework in Frameworks */ = {isa = PBXBuildFile; fileRef = 7B8D03DC1F5FC9A60065B0BA /* CoreLocation.framework */; };
		7B8D03E41F5FD9650065B0BA /* MediaPlayer.framework in Frameworks */ = {isa = PBXBuildFile; fileRef = 7B8D03E31F5FD9650065B0BA /* MediaPlayer.framework */; };
		7B8D03E61F5FD96F0065B0BA /* GameController.framework in Frameworks */ = {isa = PBXBuildFile; fileRef = 7B8D03E51F5FD96F0065B0BA /* GameController.framework */; };
		7B8D03E71F5FD9E50065B0BA /* Bolts.framework in Frameworks */ = {isa = PBXBuildFile; fileRef = 7B8D03841F5FC13A0065B0BA /* Bolts.framework */; };
		7B8D03E81F5FD9E50065B0BA /* FBSDKCoreKit.framework in Frameworks */ = {isa = PBXBuildFile; fileRef = 7B8D03861F5FC13A0065B0BA /* FBSDKCoreKit.framework */; };
		7B8D03E91F5FD9E50065B0BA /* FBSDKLoginKit.framework in Frameworks */ = {isa = PBXBuildFile; fileRef = 7B8D03871F5FC13A0065B0BA /* FBSDKLoginKit.framework */; };
		7B8D03EA1F5FD9E50065B0BA /* FBSDKMessengerShareKit.framework in Frameworks */ = {isa = PBXBuildFile; fileRef = 7B8D03881F5FC13A0065B0BA /* FBSDKMessengerShareKit.framework */; };
		7B8D03EB1F5FD9E50065B0BA /* FBSDKShareKit.framework in Frameworks */ = {isa = PBXBuildFile; fileRef = 7B8D03891F5FC13A0065B0BA /* FBSDKShareKit.framework */; };
		7B8D03EC1F5FD9EC0065B0BA /* libSocialFacebook.a in Frameworks */ = {isa = PBXBuildFile; fileRef = 7B8D038A1F5FC13A0065B0BA /* libSocialFacebook.a */; };
		7B8D03EE1F5FE2090065B0BA /* TwitterKitResources.bundle in Resources */ = {isa = PBXBuildFile; fileRef = 7B8D03ED1F5FE2090065B0BA /* TwitterKitResources.bundle */; };
		7B8D03FB1F66A7D30065B0BA /* CCUMPushSDK.cpp in Sources */ = {isa = PBXBuildFile; fileRef = 7B8D03F41F66A7D30065B0BA /* CCUMPushSDK.cpp */; };
		7B8D03FC1F66A7D30065B0BA /* UmPushControllerIOS.mm in Sources */ = {isa = PBXBuildFile; fileRef = 7B8D03F91F66A7D30065B0BA /* UmPushControllerIOS.mm */; };
		7B8D04001F66BB6A0065B0BA /* UMAnalytics.framework in Frameworks */ = {isa = PBXBuildFile; fileRef = 7B8D03FF1F66BB6A0065B0BA /* UMAnalytics.framework */; };
		8262943E1AAF051F00CB7CF7 /* Security.framework in Frameworks */ = {isa = PBXBuildFile; fileRef = 8262943D1AAF051F00CB7CF7 /* Security.framework */; };
		9D11851D1F6677460039F0B1 /* MobClickCpp.mm in Sources */ = {isa = PBXBuildFile; fileRef = 9D11851C1F6677460039F0B1 /* MobClickCpp.mm */; };
		BF171245129291EC00B8313A /* OpenGLES.framework in Frameworks */ = {isa = PBXBuildFile; fileRef = BF170DB012928DE900B8313A /* OpenGLES.framework */; };
		BF1712471292920000B8313A /* libz.dylib in Frameworks */ = {isa = PBXBuildFile; fileRef = BF170DB412928DE900B8313A /* libz.dylib */; };
		BF1C47F01293687400B63C5D /* QuartzCore.framework in Frameworks */ = {isa = PBXBuildFile; fileRef = BF1C47EA1293683800B63C5D /* QuartzCore.framework */; };
		D44C620C132DFF330009C878 /* OpenAL.framework in Frameworks */ = {isa = PBXBuildFile; fileRef = D44C620B132DFF330009C878 /* OpenAL.framework */; };
		D44C620E132DFF430009C878 /* AVFoundation.framework in Frameworks */ = {isa = PBXBuildFile; fileRef = D44C620D132DFF430009C878 /* AVFoundation.framework */; };
		D44C6210132DFF4E0009C878 /* AudioToolbox.framework in Frameworks */ = {isa = PBXBuildFile; fileRef = D44C620F132DFF4E0009C878 /* AudioToolbox.framework */; };
		D6B0611B1803AB670077942B /* CoreMotion.framework in Frameworks */ = {isa = PBXBuildFile; fileRef = D6B0611A1803AB670077942B /* CoreMotion.framework */; };
		ED545A7C1B68A1F400C3958E /* libiconv.dylib in Frameworks */ = {isa = PBXBuildFile; fileRef = ED545A7B1B68A1F400C3958E /* libiconv.dylib */; };
		ED545A7E1B68A1FA00C3958E /* libiconv.dylib in Frameworks */ = {isa = PBXBuildFile; fileRef = ED545A7D1B68A1FA00C3958E /* libiconv.dylib */; };
/* End PBXBuildFile section */

/* Begin PBXContainerItemProxy section */
		1AC6FAF8180E9839004C840B /* PBXContainerItemProxy */ = {
			isa = PBXContainerItemProxy;
			containerPortal = 1AC6FAE5180E9839004C840B /* cocos2d_libs.xcodeproj */;
			proxyType = 2;
			remoteGlobalIDString = 1551A33F158F2AB200E66CFE;
			remoteInfo = "cocos2dx Mac";
		};
		1AC6FB06180E9839004C840B /* PBXContainerItemProxy */ = {
			isa = PBXContainerItemProxy;
			containerPortal = 1AC6FAE5180E9839004C840B /* cocos2d_libs.xcodeproj */;
			proxyType = 2;
			remoteGlobalIDString = A07A4D641783777C0073F6A7;
			remoteInfo = "cocos2dx iOS";
		};
		1AC6FB15180E9959004C840B /* PBXContainerItemProxy */ = {
			isa = PBXContainerItemProxy;
			containerPortal = 1AC6FAE5180E9839004C840B /* cocos2d_libs.xcodeproj */;
			proxyType = 1;
			remoteGlobalIDString = 1551A33E158F2AB200E66CFE;
			remoteInfo = "cocos2dx Mac";
		};
		1AC6FB24180E99E1004C840B /* PBXContainerItemProxy */ = {
			isa = PBXContainerItemProxy;
			containerPortal = 1AC6FAE5180E9839004C840B /* cocos2d_libs.xcodeproj */;
			proxyType = 1;
			remoteGlobalIDString = A07A4C241783777C0073F6A7;
			remoteInfo = "cocos2dx iOS";
		};
/* End PBXContainerItemProxy section */

/* Begin PBXFileReference section */
		1784B0C01F67DA2300E4CD7F /* CocosUMProject-mobile.entitlements */ = {isa = PBXFileReference; lastKnownFileType = text.plist.entitlements; path = "CocosUMProject-mobile.entitlements"; sourceTree = "<group>"; };
		1AC6FAE5180E9839004C840B /* cocos2d_libs.xcodeproj */ = {isa = PBXFileReference; lastKnownFileType = "wrapper.pb-project"; name = cocos2d_libs.xcodeproj; path = ../cocos2d/build/cocos2d_libs.xcodeproj; sourceTree = "<group>"; };
		1ACB3243164770DE00914215 /* libcurl.a */ = {isa = PBXFileReference; lastKnownFileType = archive.ar; name = libcurl.a; path = ../../cocos2dx/platform/third_party/ios/libraries/libcurl.a; sourceTree = "<group>"; };
		1D30AB110D05D00D00671497 /* Foundation.framework */ = {isa = PBXFileReference; lastKnownFileType = wrapper.framework; name = Foundation.framework; path = System/Library/Frameworks/Foundation.framework; sourceTree = SDKROOT; };
		1D6058910D05DD3D006BFB54 /* CocosUMProject-mobile.app */ = {isa = PBXFileReference; explicitFileType = wrapper.application; includeInIndex = 0; path = "CocosUMProject-mobile.app"; sourceTree = BUILT_PRODUCTS_DIR; };
		1DF5F4DF0D08C38300B7A737 /* UIKit.framework */ = {isa = PBXFileReference; lastKnownFileType = wrapper.framework; name = UIKit.framework; path = System/Library/Frameworks/UIKit.framework; sourceTree = SDKROOT; };
		288765A40DF7441C002DB57D /* CoreGraphics.framework */ = {isa = PBXFileReference; lastKnownFileType = wrapper.framework; name = CoreGraphics.framework; path = System/Library/Frameworks/CoreGraphics.framework; sourceTree = SDKROOT; };
		3EACC98E19EE6D4300EB3C5E /* res */ = {isa = PBXFileReference; lastKnownFileType = folder; path = res; sourceTree = "<group>"; };
		46880B7619C43A67006E1F66 /* CloseNormal.png */ = {isa = PBXFileReference; lastKnownFileType = image.png; path = CloseNormal.png; sourceTree = "<group>"; };
		46880B7719C43A67006E1F66 /* CloseSelected.png */ = {isa = PBXFileReference; lastKnownFileType = image.png; path = CloseSelected.png; sourceTree = "<group>"; };
		46880B7A19C43A67006E1F66 /* HelloWorld.png */ = {isa = PBXFileReference; lastKnownFileType = image.png; path = HelloWorld.png; sourceTree = "<group>"; };
		46880B8419C43A87006E1F66 /* AppDelegate.cpp */ = {isa = PBXFileReference; fileEncoding = 4; lastKnownFileType = sourcecode.cpp.cpp; path = AppDelegate.cpp; sourceTree = "<group>"; };
		46880B8519C43A87006E1F66 /* AppDelegate.h */ = {isa = PBXFileReference; fileEncoding = 4; lastKnownFileType = sourcecode.c.h; path = AppDelegate.h; sourceTree = "<group>"; };
		46880B8619C43A87006E1F66 /* HelloWorldScene.cpp */ = {isa = PBXFileReference; fileEncoding = 4; lastKnownFileType = sourcecode.cpp.cpp; path = HelloWorldScene.cpp; sourceTree = "<group>"; };
		46880B8719C43A87006E1F66 /* HelloWorldScene.h */ = {isa = PBXFileReference; fileEncoding = 4; lastKnownFileType = sourcecode.c.h; path = HelloWorldScene.h; sourceTree = "<group>"; };
		503AE0F617EB97AB00D1A890 /* Icon.icns */ = {isa = PBXFileReference; lastKnownFileType = image.icns; path = Icon.icns; sourceTree = "<group>"; };
		503AE0F717EB97AB00D1A890 /* Info.plist */ = {isa = PBXFileReference; fileEncoding = 4; lastKnownFileType = text.plist.xml; path = Info.plist; sourceTree = "<group>"; };
		503AE0FA17EB989F00D1A890 /* AppController.h */ = {isa = PBXFileReference; fileEncoding = 4; lastKnownFileType = sourcecode.c.h; name = AppController.h; path = ios/AppController.h; sourceTree = SOURCE_ROOT; };
		503AE0FB17EB989F00D1A890 /* AppController.mm */ = {isa = PBXFileReference; fileEncoding = 4; lastKnownFileType = sourcecode.cpp.objcpp; name = AppController.mm; path = ios/AppController.mm; sourceTree = SOURCE_ROOT; };
		503AE0FC17EB989F00D1A890 /* main.m */ = {isa = PBXFileReference; fileEncoding = 4; lastKnownFileType = sourcecode.c.objc; name = main.m; path = ios/main.m; sourceTree = SOURCE_ROOT; };
		503AE0FD17EB989F00D1A890 /* Prefix.pch */ = {isa = PBXFileReference; fileEncoding = 4; lastKnownFileType = sourcecode.c.h; name = Prefix.pch; path = ios/Prefix.pch; sourceTree = SOURCE_ROOT; };
		503AE0FE17EB989F00D1A890 /* RootViewController.h */ = {isa = PBXFileReference; fileEncoding = 4; lastKnownFileType = sourcecode.c.h; name = RootViewController.h; path = ios/RootViewController.h; sourceTree = SOURCE_ROOT; };
		503AE0FF17EB989F00D1A890 /* RootViewController.mm */ = {isa = PBXFileReference; fileEncoding = 4; lastKnownFileType = sourcecode.cpp.objcpp; name = RootViewController.mm; path = ios/RootViewController.mm; sourceTree = SOURCE_ROOT; };
		503AE10317EB98FF00D1A890 /* main.cpp */ = {isa = PBXFileReference; fileEncoding = 4; lastKnownFileType = sourcecode.cpp.cpp; name = main.cpp; path = mac/main.cpp; sourceTree = "<group>"; };
		503AE10417EB98FF00D1A890 /* Prefix.pch */ = {isa = PBXFileReference; fileEncoding = 4; lastKnownFileType = sourcecode.c.h; name = Prefix.pch; path = mac/Prefix.pch; sourceTree = "<group>"; };
		503AE11117EB99EE00D1A890 /* libcurl.dylib */ = {isa = PBXFileReference; lastKnownFileType = "compiled.mach-o.dylib"; name = libcurl.dylib; path = usr/lib/libcurl.dylib; sourceTree = SDKROOT; };
		503AE11A17EB9C5A00D1A890 /* IOKit.framework */ = {isa = PBXFileReference; lastKnownFileType = wrapper.framework; name = IOKit.framework; path = System/Library/Frameworks/IOKit.framework; sourceTree = SDKROOT; };
		5087E76F17EB910900C73F5D /* CocosUMProject-desktop.app */ = {isa = PBXFileReference; explicitFileType = wrapper.application; includeInIndex = 0; path = "CocosUMProject-desktop.app"; sourceTree = BUILT_PRODUCTS_DIR; };
		5087E77217EB970100C73F5D /* Default-568h@2x.png */ = {isa = PBXFileReference; lastKnownFileType = image.png; path = "Default-568h@2x.png"; sourceTree = "<group>"; };
		5087E77317EB970100C73F5D /* Default.png */ = {isa = PBXFileReference; lastKnownFileType = image.png; path = Default.png; sourceTree = "<group>"; };
		5087E77417EB970100C73F5D /* Default@2x.png */ = {isa = PBXFileReference; lastKnownFileType = image.png; path = "Default@2x.png"; sourceTree = "<group>"; };
		5087E77517EB970100C73F5D /* Icon-114.png */ = {isa = PBXFileReference; lastKnownFileType = image.png; path = "Icon-114.png"; sourceTree = "<group>"; };
		5087E77617EB970100C73F5D /* Icon-120.png */ = {isa = PBXFileReference; lastKnownFileType = image.png; path = "Icon-120.png"; sourceTree = "<group>"; };
		5087E77717EB970100C73F5D /* Icon-144.png */ = {isa = PBXFileReference; lastKnownFileType = image.png; path = "Icon-144.png"; sourceTree = "<group>"; };
		5087E77817EB970100C73F5D /* Icon-152.png */ = {isa = PBXFileReference; lastKnownFileType = image.png; path = "Icon-152.png"; sourceTree = "<group>"; };
		5087E77917EB970100C73F5D /* Icon-57.png */ = {isa = PBXFileReference; lastKnownFileType = image.png; path = "Icon-57.png"; sourceTree = "<group>"; };
		5087E77A17EB970100C73F5D /* Icon-72.png */ = {isa = PBXFileReference; lastKnownFileType = image.png; path = "Icon-72.png"; sourceTree = "<group>"; };
		5087E77B17EB970100C73F5D /* Icon-76.png */ = {isa = PBXFileReference; lastKnownFileType = image.png; path = "Icon-76.png"; sourceTree = "<group>"; };
		5087E77C17EB970100C73F5D /* Info.plist */ = {isa = PBXFileReference; fileEncoding = 4; lastKnownFileType = text.plist.xml; path = Info.plist; sourceTree = "<group>"; };
		5087E78817EB974C00C73F5D /* AppKit.framework */ = {isa = PBXFileReference; lastKnownFileType = wrapper.framework; name = AppKit.framework; path = System/Library/Frameworks/AppKit.framework; sourceTree = SDKROOT; };
		5087E78A17EB975400C73F5D /* OpenGL.framework */ = {isa = PBXFileReference; lastKnownFileType = wrapper.framework; name = OpenGL.framework; path = System/Library/Frameworks/OpenGL.framework; sourceTree = SDKROOT; };
		50EF629217ECD46A001EB2F8 /* Icon-40.png */ = {isa = PBXFileReference; lastKnownFileType = image.png; path = "Icon-40.png"; sourceTree = "<group>"; };
		50EF629317ECD46A001EB2F8 /* Icon-58.png */ = {isa = PBXFileReference; lastKnownFileType = image.png; path = "Icon-58.png"; sourceTree = "<group>"; };
		50EF629417ECD46A001EB2F8 /* Icon-80.png */ = {isa = PBXFileReference; lastKnownFileType = image.png; path = "Icon-80.png"; sourceTree = "<group>"; };
		50EF629517ECD46A001EB2F8 /* Icon-100.png */ = {isa = PBXFileReference; lastKnownFileType = image.png; path = "Icon-100.png"; sourceTree = "<group>"; };
		50EF62A017ECD613001EB2F8 /* Icon-29.png */ = {isa = PBXFileReference; lastKnownFileType = image.png; path = "Icon-29.png"; sourceTree = "<group>"; };
		50EF62A117ECD613001EB2F8 /* Icon-50.png */ = {isa = PBXFileReference; lastKnownFileType = image.png; path = "Icon-50.png"; sourceTree = "<group>"; };
		521A8E6219F0C34300D177D7 /* Default-667h@2x.png */ = {isa = PBXFileReference; lastKnownFileType = image.png; path = "Default-667h@2x.png"; sourceTree = "<group>"; };
		521A8E6319F0C34300D177D7 /* Default-736h@3x.png */ = {isa = PBXFileReference; lastKnownFileType = image.png; path = "Default-736h@3x.png"; sourceTree = "<group>"; };
		521A8EA819F11F5000D177D7 /* fonts */ = {isa = PBXFileReference; lastKnownFileType = folder; path = fonts; sourceTree = "<group>"; };
		52B47A461A53D09B004E4C60 /* Security.framework */ = {isa = PBXFileReference; lastKnownFileType = wrapper.framework; name = Security.framework; path = Platforms/iPhoneOS.platform/Developer/SDKs/iPhoneOS8.1.sdk/System/Library/Frameworks/Security.framework; sourceTree = DEVELOPER_DIR; };
		7B8D02451F5EC17D0065B0BA /* AuthScene.cpp */ = {isa = PBXFileReference; fileEncoding = 4; lastKnownFileType = sourcecode.cpp.cpp; path = AuthScene.cpp; sourceTree = "<group>"; };
		7B8D02461F5EC17D0065B0BA /* AuthScene.h */ = {isa = PBXFileReference; fileEncoding = 4; lastKnownFileType = sourcecode.c.h; path = AuthScene.h; sourceTree = "<group>"; };
		7B8D024C1F5EC17D0065B0BA /* CCUMSocialSDK.cpp */ = {isa = PBXFileReference; fileEncoding = 4; lastKnownFileType = sourcecode.cpp.cpp; path = CCUMSocialSDK.cpp; sourceTree = "<group>"; };
		7B8D024D1F5EC17D0065B0BA /* CCUMSocialSDK.h */ = {isa = PBXFileReference; fileEncoding = 4; lastKnownFileType = sourcecode.c.h; path = CCUMSocialSDK.h; sourceTree = "<group>"; };
		7B8D024E1F5EC17D0065B0BA /* CCUMTypeDef.h */ = {isa = PBXFileReference; fileEncoding = 4; lastKnownFileType = sourcecode.c.h; path = CCUMTypeDef.h; sourceTree = "<group>"; };
		7B8D02501F5EC17D0065B0BA /* UmSocialControllerIOS.h */ = {isa = PBXFileReference; fileEncoding = 4; lastKnownFileType = sourcecode.c.h; path = UmSocialControllerIOS.h; sourceTree = "<group>"; };
		7B8D02511F5EC17D0065B0BA /* UmSocialControllerIOS.mm */ = {isa = PBXFileReference; fileEncoding = 4; lastKnownFileType = sourcecode.cpp.objcpp; path = UmSocialControllerIOS.mm; sourceTree = "<group>"; };
		7B8D02521F5EC17D0065B0BA /* Entrance.cpp */ = {isa = PBXFileReference; fileEncoding = 4; lastKnownFileType = sourcecode.cpp.cpp; path = Entrance.cpp; sourceTree = "<group>"; };
		7B8D02531F5EC17D0065B0BA /* Entrance.h */ = {isa = PBXFileReference; fileEncoding = 4; lastKnownFileType = sourcecode.c.h; path = Entrance.h; sourceTree = "<group>"; };
		7B8D02541F5EC17D0065B0BA /* GetScene.cpp */ = {isa = PBXFileReference; fileEncoding = 4; lastKnownFileType = sourcecode.cpp.cpp; path = GetScene.cpp; sourceTree = "<group>"; };
		7B8D02551F5EC17D0065B0BA /* GetScene.h */ = {isa = PBXFileReference; fileEncoding = 4; lastKnownFileType = sourcecode.c.h; path = GetScene.h; sourceTree = "<group>"; };
		7B8D02591F5EC17D0065B0BA /* ShareScene.h */ = {isa = PBXFileReference; fileEncoding = 4; lastKnownFileType = sourcecode.c.h; path = ShareScene.h; sourceTree = "<group>"; };
		7B8D02C91F5ECBF80065B0BA /* libc++.tbd */ = {isa = PBXFileReference; lastKnownFileType = "sourcecode.text-based-dylib-definition"; name = "libc++.tbd"; path = "Platforms/iPhoneOS.platform/Developer/SDKs/iPhoneOS9.2.sdk/usr/lib/libc++.tbd"; sourceTree = DEVELOPER_DIR; };
		7B8D02CB1F5ECC020065B0BA /* OpenGLES.framework */ = {isa = PBXFileReference; lastKnownFileType = wrapper.framework; name = OpenGLES.framework; path = Platforms/iPhoneOS.platform/Developer/SDKs/iPhoneOS9.2.sdk/System/Library/Frameworks/OpenGLES.framework; sourceTree = DEVELOPER_DIR; };
		7B8D02CD1F5ECC280065B0BA /* libsqlite3.tbd */ = {isa = PBXFileReference; lastKnownFileType = "sourcecode.text-based-dylib-definition"; name = libsqlite3.tbd; path = Platforms/iPhoneOS.platform/Developer/SDKs/iPhoneOS9.2.sdk/usr/lib/libsqlite3.tbd; sourceTree = DEVELOPER_DIR; };
		7B8D02CF1F5ECC390065B0BA /* libxml2.tbd */ = {isa = PBXFileReference; lastKnownFileType = "sourcecode.text-based-dylib-definition"; name = libxml2.tbd; path = Platforms/iPhoneOS.platform/Developer/SDKs/iPhoneOS9.2.sdk/usr/lib/libxml2.tbd; sourceTree = DEVELOPER_DIR; };
		7B8D02D11F5ECC490065B0BA /* SystemConfiguration.framework */ = {isa = PBXFileReference; lastKnownFileType = wrapper.framework; name = SystemConfiguration.framework; path = Platforms/iPhoneOS.platform/Developer/SDKs/iPhoneOS9.2.sdk/System/Library/Frameworks/SystemConfiguration.framework; sourceTree = DEVELOPER_DIR; };
		7B8D02D31F5ECC8A0065B0BA /* CoreTelephony.framework */ = {isa = PBXFileReference; lastKnownFileType = wrapper.framework; name = CoreTelephony.framework; path = Platforms/iPhoneOS.platform/Developer/SDKs/iPhoneOS9.2.sdk/System/Library/Frameworks/CoreTelephony.framework; sourceTree = DEVELOPER_DIR; };
		7B8D02D51F5ECC970065B0BA /* Accounts.framework */ = {isa = PBXFileReference; lastKnownFileType = wrapper.framework; name = Accounts.framework; path = Platforms/iPhoneOS.platform/Developer/SDKs/iPhoneOS9.2.sdk/System/Library/Frameworks/Accounts.framework; sourceTree = DEVELOPER_DIR; };
		7B8D02D71F5ECCA30065B0BA /* Social.framework */ = {isa = PBXFileReference; lastKnownFileType = wrapper.framework; name = Social.framework; path = Platforms/iPhoneOS.platform/Developer/SDKs/iPhoneOS9.2.sdk/System/Library/Frameworks/Social.framework; sourceTree = DEVELOPER_DIR; };
		7B8D02D91F5ECCB10065B0BA /* ImageIO.framework */ = {isa = PBXFileReference; lastKnownFileType = wrapper.framework; name = ImageIO.framework; path = Platforms/iPhoneOS.platform/Developer/SDKs/iPhoneOS9.2.sdk/System/Library/Frameworks/ImageIO.framework; sourceTree = DEVELOPER_DIR; };
		7B8D02DB1F5ECCC00065B0BA /* CoreData.framework */ = {isa = PBXFileReference; lastKnownFileType = wrapper.framework; name = CoreData.framework; path = Platforms/iPhoneOS.platform/Developer/SDKs/iPhoneOS9.2.sdk/System/Library/Frameworks/CoreData.framework; sourceTree = DEVELOPER_DIR; };
		7B8D02DD1F5ECCCE0065B0BA /* CoreText.framework */ = {isa = PBXFileReference; lastKnownFileType = wrapper.framework; name = CoreText.framework; path = Platforms/iPhoneOS.platform/Developer/SDKs/iPhoneOS9.2.sdk/System/Library/Frameworks/CoreText.framework; sourceTree = DEVELOPER_DIR; };
		7B8D02DF1F5ECF410065B0BA /* ShareScene.cpp */ = {isa = PBXFileReference; fileEncoding = 4; lastKnownFileType = sourcecode.cpp.cpp; path = ShareScene.cpp; sourceTree = "<group>"; };
		7B8D02E31F5ED12F0065B0BA /* PushScence.h */ = {isa = PBXFileReference; fileEncoding = 4; lastKnownFileType = sourcecode.c.h; path = PushScence.h; sourceTree = "<group>"; };
		7B8D02E41F5ED12F0065B0BA /* PushScence.cpp */ = {isa = PBXFileReference; fileEncoding = 4; lastKnownFileType = sourcecode.cpp.cpp; path = PushScence.cpp; sourceTree = "<group>"; };
		7B8D036E1F5ED1420065B0BA /* AnalyticsHome.cpp */ = {isa = PBXFileReference; fileEncoding = 4; lastKnownFileType = sourcecode.cpp.cpp; path = AnalyticsHome.cpp; sourceTree = "<group>"; };
		7B8D036F1F5ED1420065B0BA /* AnalyticsHome.h */ = {isa = PBXFileReference; fileEncoding = 4; lastKnownFileType = sourcecode.c.h; path = AnalyticsHome.h; sourceTree = "<group>"; };
		7B8D03711F5F885F0065B0BA /* AppScence.cpp */ = {isa = PBXFileReference; fileEncoding = 4; lastKnownFileType = sourcecode.cpp.cpp; path = AppScence.cpp; sourceTree = "<group>"; };
		7B8D03721F5F885F0065B0BA /* AppScence.h */ = {isa = PBXFileReference; fileEncoding = 4; lastKnownFileType = sourcecode.c.h; path = AppScence.h; sourceTree = "<group>"; };
		7B8D03731F5F885F0065B0BA /* GameScence.cpp */ = {isa = PBXFileReference; fileEncoding = 4; lastKnownFileType = sourcecode.cpp.cpp; path = GameScence.cpp; sourceTree = "<group>"; };
		7B8D03741F5F885F0065B0BA /* GameScence.h */ = {isa = PBXFileReference; fileEncoding = 4; lastKnownFileType = sourcecode.c.h; path = GameScence.h; sourceTree = "<group>"; };
		7B8D03771F5FC0ED0065B0BA /* UMPush.framework */ = {isa = PBXFileReference; lastKnownFileType = wrapper.framework; path = UMPush.framework; sourceTree = "<group>"; };
		7B8D037A1F5FC0F70065B0BA /* UMCommon.framework */ = {isa = PBXFileReference; lastKnownFileType = wrapper.framework; path = UMCommon.framework; sourceTree = "<group>"; };
		7B8D03811F5FC13A0065B0BA /* libSocialEmail.a */ = {isa = PBXFileReference; lastKnownFileType = archive.ar; path = libSocialEmail.a; sourceTree = "<group>"; };
		7B8D03821F5FC13A0065B0BA /* UMSocialEmailHandler.h */ = {isa = PBXFileReference; fileEncoding = 4; lastKnownFileType = sourcecode.c.h; path = UMSocialEmailHandler.h; sourceTree = "<group>"; };
		7B8D03841F5FC13A0065B0BA /* Bolts.framework */ = {isa = PBXFileReference; lastKnownFileType = wrapper.framework; path = Bolts.framework; sourceTree = "<group>"; };
		7B8D03851F5FC13A0065B0BA /* facebook_ios_sdk_Prefix.pch */ = {isa = PBXFileReference; fileEncoding = 4; lastKnownFileType = sourcecode.c.h; path = facebook_ios_sdk_Prefix.pch; sourceTree = "<group>"; };
		7B8D03861F5FC13A0065B0BA /* FBSDKCoreKit.framework */ = {isa = PBXFileReference; lastKnownFileType = wrapper.framework; path = FBSDKCoreKit.framework; sourceTree = "<group>"; };
		7B8D03871F5FC13A0065B0BA /* FBSDKLoginKit.framework */ = {isa = PBXFileReference; lastKnownFileType = wrapper.framework; path = FBSDKLoginKit.framework; sourceTree = "<group>"; };
		7B8D03881F5FC13A0065B0BA /* FBSDKMessengerShareKit.framework */ = {isa = PBXFileReference; lastKnownFileType = wrapper.framework; path = FBSDKMessengerShareKit.framework; sourceTree = "<group>"; };
		7B8D03891F5FC13A0065B0BA /* FBSDKShareKit.framework */ = {isa = PBXFileReference; lastKnownFileType = wrapper.framework; path = FBSDKShareKit.framework; sourceTree = "<group>"; };
		7B8D038A1F5FC13A0065B0BA /* libSocialFacebook.a */ = {isa = PBXFileReference; lastKnownFileType = archive.ar; path = libSocialFacebook.a; sourceTree = "<group>"; };
		7B8D038B1F5FC13A0065B0BA /* UMSocialFaceBookHandler.h */ = {isa = PBXFileReference; fileEncoding = 4; lastKnownFileType = sourcecode.c.h; path = UMSocialFaceBookHandler.h; sourceTree = "<group>"; };
		7B8D038D1F5FC13A0065B0BA /* libSocialQQ.a */ = {isa = PBXFileReference; lastKnownFileType = archive.ar; path = libSocialQQ.a; sourceTree = "<group>"; };
		7B8D038F1F5FC13A0065B0BA /* TencentOpenAPI.framework */ = {isa = PBXFileReference; lastKnownFileType = wrapper.framework; path = TencentOpenAPI.framework; sourceTree = "<group>"; };
		7B8D03901F5FC13A0065B0BA /* TencentOpenApi_IOS_Bundle.bundle */ = {isa = PBXFileReference; lastKnownFileType = "wrapper.plug-in"; path = TencentOpenApi_IOS_Bundle.bundle; sourceTree = "<group>"; };
		7B8D03911F5FC13A0065B0BA /* UMSocialQQHandler.h */ = {isa = PBXFileReference; fileEncoding = 4; lastKnownFileType = sourcecode.c.h; path = UMSocialQQHandler.h; sourceTree = "<group>"; };
		7B8D03931F5FC13A0065B0BA /* libSocialSina.a */ = {isa = PBXFileReference; lastKnownFileType = archive.ar; path = libSocialSina.a; sourceTree = "<group>"; };
		7B8D03951F5FC13A0065B0BA /* libWeiboSDK.a */ = {isa = PBXFileReference; lastKnownFileType = archive.ar; path = libWeiboSDK.a; sourceTree = "<group>"; };
		7B8D03961F5FC13A0065B0BA /* WBHttpRequest+WeiboGame.h */ = {isa = PBXFileReference; fileEncoding = 4; lastKnownFileType = sourcecode.c.h; path = "WBHttpRequest+WeiboGame.h"; sourceTree = "<group>"; };
		7B8D03971F5FC13A0065B0BA /* WBHttpRequest+WeiboShare.h */ = {isa = PBXFileReference; fileEncoding = 4; lastKnownFileType = sourcecode.c.h; path = "WBHttpRequest+WeiboShare.h"; sourceTree = "<group>"; };
		7B8D03981F5FC13A0065B0BA /* WBHttpRequest+WeiboToken.h */ = {isa = PBXFileReference; fileEncoding = 4; lastKnownFileType = sourcecode.c.h; path = "WBHttpRequest+WeiboToken.h"; sourceTree = "<group>"; };
		7B8D03991F5FC13A0065B0BA /* WBHttpRequest+WeiboUser.h */ = {isa = PBXFileReference; fileEncoding = 4; lastKnownFileType = sourcecode.c.h; path = "WBHttpRequest+WeiboUser.h"; sourceTree = "<group>"; };
		7B8D039A1F5FC13A0065B0BA /* WBHttpRequest.h */ = {isa = PBXFileReference; fileEncoding = 4; lastKnownFileType = sourcecode.c.h; path = WBHttpRequest.h; sourceTree = "<group>"; };
		7B8D039B1F5FC13A0065B0BA /* WBSDKBasicButton.h */ = {isa = PBXFileReference; fileEncoding = 4; lastKnownFileType = sourcecode.c.h; path = WBSDKBasicButton.h; sourceTree = "<group>"; };
		7B8D039C1F5FC13A0065B0BA /* WBSDKCommentButton.h */ = {isa = PBXFileReference; fileEncoding = 4; lastKnownFileType = sourcecode.c.h; path = WBSDKCommentButton.h; sourceTree = "<group>"; };
		7B8D039D1F5FC13A0065B0BA /* WBSDKRelationshipButton.h */ = {isa = PBXFileReference; fileEncoding = 4; lastKnownFileType = sourcecode.c.h; path = WBSDKRelationshipButton.h; sourceTree = "<group>"; };
		7B8D039E1F5FC13A0065B0BA /* WeiboSDK+Statistics.h */ = {isa = PBXFileReference; fileEncoding = 4; lastKnownFileType = sourcecode.c.h; path = "WeiboSDK+Statistics.h"; sourceTree = "<group>"; };
		7B8D039F1F5FC13A0065B0BA /* WeiboSDK.bundle */ = {isa = PBXFileReference; lastKnownFileType = "wrapper.plug-in"; path = WeiboSDK.bundle; sourceTree = "<group>"; };
		7B8D03A01F5FC13A0065B0BA /* WeiboSDK.h */ = {isa = PBXFileReference; fileEncoding = 4; lastKnownFileType = sourcecode.c.h; path = WeiboSDK.h; sourceTree = "<group>"; };
		7B8D03A11F5FC13A0065B0BA /* WeiboUser.h */ = {isa = PBXFileReference; fileEncoding = 4; lastKnownFileType = sourcecode.c.h; path = WeiboUser.h; sourceTree = "<group>"; };
		7B8D03A21F5FC13A0065B0BA /* UMSocialSinaHandler.h */ = {isa = PBXFileReference; fileEncoding = 4; lastKnownFileType = sourcecode.c.h; path = UMSocialSinaHandler.h; sourceTree = "<group>"; };
		7B8D03A41F5FC13A0065B0BA /* libSocialTencentWeibo.a */ = {isa = PBXFileReference; lastKnownFileType = archive.ar; path = libSocialTencentWeibo.a; sourceTree = "<group>"; };
		7B8D03A51F5FC13A0065B0BA /* UMSocialTCWeiboHandler.h */ = {isa = PBXFileReference; fileEncoding = 4; lastKnownFileType = sourcecode.c.h; path = UMSocialTCWeiboHandler.h; sourceTree = "<group>"; };
		7B8D03A71F5FC13A0065B0BA /* Fabric.framework */ = {isa = PBXFileReference; lastKnownFileType = wrapper.framework; path = Fabric.framework; sourceTree = "<group>"; };
		7B8D03A81F5FC13A0065B0BA /* libSocialTwitter.a */ = {isa = PBXFileReference; lastKnownFileType = archive.ar; path = libSocialTwitter.a; sourceTree = "<group>"; };
		7B8D03A91F5FC13A0065B0BA /* TwitterCore.framework */ = {isa = PBXFileReference; lastKnownFileType = wrapper.framework; path = TwitterCore.framework; sourceTree = "<group>"; };
		7B8D03AA1F5FC13A0065B0BA /* TwitterKit.framework */ = {isa = PBXFileReference; lastKnownFileType = wrapper.framework; path = TwitterKit.framework; sourceTree = "<group>"; };
		7B8D03AB1F5FC13A0065B0BA /* UMSocialTwitterHandler.h */ = {isa = PBXFileReference; fileEncoding = 4; lastKnownFileType = sourcecode.c.h; path = UMSocialTwitterHandler.h; sourceTree = "<group>"; };
		7B8D03AD1F5FC13A0065B0BA /* libSocialWeChat.a */ = {isa = PBXFileReference; lastKnownFileType = archive.ar; path = libSocialWeChat.a; sourceTree = "<group>"; };
		7B8D03AE1F5FC13A0065B0BA /* UMSocialWechatHandler.h */ = {isa = PBXFileReference; fileEncoding = 4; lastKnownFileType = sourcecode.c.h; path = UMSocialWechatHandler.h; sourceTree = "<group>"; };
		7B8D03B01F5FC13A0065B0BA /* libWeChatSDK.a */ = {isa = PBXFileReference; lastKnownFileType = archive.ar; path = libWeChatSDK.a; sourceTree = "<group>"; };
		7B8D03B11F5FC13A0065B0BA /* README.txt */ = {isa = PBXFileReference; fileEncoding = 4; lastKnownFileType = text; path = README.txt; sourceTree = "<group>"; };
		7B8D03B21F5FC13A0065B0BA /* WechatAuthSDK.h */ = {isa = PBXFileReference; fileEncoding = 4; lastKnownFileType = sourcecode.c.h; path = WechatAuthSDK.h; sourceTree = "<group>"; };
		7B8D03B31F5FC13A0065B0BA /* WXApi.h */ = {isa = PBXFileReference; fileEncoding = 4; lastKnownFileType = sourcecode.c.h; path = WXApi.h; sourceTree = "<group>"; };
		7B8D03B41F5FC13A0065B0BA /* WXApiObject.h */ = {isa = PBXFileReference; fileEncoding = 4; lastKnownFileType = sourcecode.c.h; path = WXApiObject.h; sourceTree = "<group>"; };
		7B8D03B61F5FC13A0065B0BA /* libSocialWhatsApp.a */ = {isa = PBXFileReference; lastKnownFileType = archive.ar; path = libSocialWhatsApp.a; sourceTree = "<group>"; };
		7B8D03B71F5FC13A0065B0BA /* UMSocialWhatsappHandler.h */ = {isa = PBXFileReference; fileEncoding = 4; lastKnownFileType = sourcecode.c.h; path = UMSocialWhatsappHandler.h; sourceTree = "<group>"; };
		7B8D03B91F5FC13A0065B0BA /* libUMSocialCloudShare.a */ = {isa = PBXFileReference; lastKnownFileType = archive.ar; path = libUMSocialCloudShare.a; sourceTree = "<group>"; };
		7B8D03BA1F5FC13A0065B0BA /* libUMSocialLog.a */ = {isa = PBXFileReference; lastKnownFileType = archive.ar; path = libUMSocialLog.a; sourceTree = "<group>"; };
		7B8D03BB1F5FC13A0065B0BA /* UMShare.framework */ = {isa = PBXFileReference; lastKnownFileType = wrapper.framework; path = UMShare.framework; sourceTree = "<group>"; };
		7B8D03BC1F5FC13A0065B0BA /* UMSocialSDKPromptResources.bundle */ = {isa = PBXFileReference; lastKnownFileType = "wrapper.plug-in"; path = UMSocialSDKPromptResources.bundle; sourceTree = "<group>"; };
		7B8D03BE1F5FC13A0065B0BA /* UMSocialSDKResources.bundle */ = {isa = PBXFileReference; lastKnownFileType = "wrapper.plug-in"; path = UMSocialSDKResources.bundle; sourceTree = "<group>"; };
		7B8D03BF1F5FC13A0065B0BA /* UShareUI.framework */ = {isa = PBXFileReference; lastKnownFileType = wrapper.framework; path = UShareUI.framework; sourceTree = "<group>"; };
		7B8D03DC1F5FC9A60065B0BA /* CoreLocation.framework */ = {isa = PBXFileReference; lastKnownFileType = wrapper.framework; name = CoreLocation.framework; path = Platforms/iPhoneOS.platform/Developer/SDKs/iPhoneOS9.2.sdk/System/Library/Frameworks/CoreLocation.framework; sourceTree = DEVELOPER_DIR; };
		7B8D03DF1F5FD3DA0065B0BA /* CoreVideo.framework */ = {isa = PBXFileReference; lastKnownFileType = wrapper.framework; name = CoreVideo.framework; path = Platforms/iPhoneOS.platform/Developer/SDKs/iPhoneOS9.2.sdk/System/Library/Frameworks/CoreVideo.framework; sourceTree = DEVELOPER_DIR; };
		7B8D03E01F5FD3DA0065B0BA /* VideoToolbox.framework */ = {isa = PBXFileReference; lastKnownFileType = wrapper.framework; name = VideoToolbox.framework; path = Platforms/iPhoneOS.platform/Developer/SDKs/iPhoneOS9.2.sdk/System/Library/Frameworks/VideoToolbox.framework; sourceTree = DEVELOPER_DIR; };
		7B8D03E31F5FD9650065B0BA /* MediaPlayer.framework */ = {isa = PBXFileReference; lastKnownFileType = wrapper.framework; name = MediaPlayer.framework; path = Platforms/iPhoneOS.platform/Developer/SDKs/iPhoneOS9.2.sdk/System/Library/Frameworks/MediaPlayer.framework; sourceTree = DEVELOPER_DIR; };
		7B8D03E51F5FD96F0065B0BA /* GameController.framework */ = {isa = PBXFileReference; lastKnownFileType = wrapper.framework; name = GameController.framework; path = Platforms/iPhoneOS.platform/Developer/SDKs/iPhoneOS9.2.sdk/System/Library/Frameworks/GameController.framework; sourceTree = DEVELOPER_DIR; };
		7B8D03ED1F5FE2090065B0BA /* TwitterKitResources.bundle */ = {isa = PBXFileReference; lastKnownFileType = "wrapper.plug-in"; name = TwitterKitResources.bundle; path = TwitterKit.framework/TwitterKitResources.bundle; sourceTree = "<group>"; };
		7B8D03F41F66A7D30065B0BA /* CCUMPushSDK.cpp */ = {isa = PBXFileReference; fileEncoding = 4; lastKnownFileType = sourcecode.cpp.cpp; path = CCUMPushSDK.cpp; sourceTree = "<group>"; };
		7B8D03F51F66A7D30065B0BA /* CCUMPushSDK.h */ = {isa = PBXFileReference; fileEncoding = 4; lastKnownFileType = sourcecode.c.h; path = CCUMPushSDK.h; sourceTree = "<group>"; };
		7B8D03F81F66A7D30065B0BA /* UmPushControllerIOS.h */ = {isa = PBXFileReference; fileEncoding = 4; lastKnownFileType = sourcecode.c.h; path = UmPushControllerIOS.h; sourceTree = "<group>"; };
		7B8D03F91F66A7D30065B0BA /* UmPushControllerIOS.mm */ = {isa = PBXFileReference; fileEncoding = 4; lastKnownFileType = sourcecode.cpp.objcpp; path = UmPushControllerIOS.mm; sourceTree = "<group>"; };
		7B8D03FF1F66BB6A0065B0BA /* UMAnalytics.framework */ = {isa = PBXFileReference; lastKnownFileType = wrapper.framework; path = UMAnalytics.framework; sourceTree = "<group>"; };
		8262943D1AAF051F00CB7CF7 /* Security.framework */ = {isa = PBXFileReference; lastKnownFileType = wrapper.framework; name = Security.framework; path = System/Library/Frameworks/Security.framework; sourceTree = SDKROOT; };
		9D11851B1F6677460039F0B1 /* MobClickCpp.h */ = {isa = PBXFileReference; fileEncoding = 4; lastKnownFileType = sourcecode.c.h; path = MobClickCpp.h; sourceTree = "<group>"; };
		9D11851C1F6677460039F0B1 /* MobClickCpp.mm */ = {isa = PBXFileReference; fileEncoding = 4; lastKnownFileType = sourcecode.cpp.objcpp; path = MobClickCpp.mm; sourceTree = "<group>"; };
		BF170DB012928DE900B8313A /* OpenGLES.framework */ = {isa = PBXFileReference; lastKnownFileType = wrapper.framework; name = OpenGLES.framework; path = System/Library/Frameworks/OpenGLES.framework; sourceTree = SDKROOT; };
		BF170DB412928DE900B8313A /* libz.dylib */ = {isa = PBXFileReference; lastKnownFileType = "compiled.mach-o.dylib"; name = libz.dylib; path = usr/lib/libz.dylib; sourceTree = SDKROOT; };
		BF1C47EA1293683800B63C5D /* QuartzCore.framework */ = {isa = PBXFileReference; lastKnownFileType = wrapper.framework; name = QuartzCore.framework; path = System/Library/Frameworks/QuartzCore.framework; sourceTree = SDKROOT; };
		D44C620B132DFF330009C878 /* OpenAL.framework */ = {isa = PBXFileReference; lastKnownFileType = wrapper.framework; name = OpenAL.framework; path = System/Library/Frameworks/OpenAL.framework; sourceTree = SDKROOT; };
		D44C620D132DFF430009C878 /* AVFoundation.framework */ = {isa = PBXFileReference; lastKnownFileType = wrapper.framework; name = AVFoundation.framework; path = System/Library/Frameworks/AVFoundation.framework; sourceTree = SDKROOT; };
		D44C620F132DFF4E0009C878 /* AudioToolbox.framework */ = {isa = PBXFileReference; lastKnownFileType = wrapper.framework; name = AudioToolbox.framework; path = System/Library/Frameworks/AudioToolbox.framework; sourceTree = SDKROOT; };
		D6B0611A1803AB670077942B /* CoreMotion.framework */ = {isa = PBXFileReference; lastKnownFileType = wrapper.framework; name = CoreMotion.framework; path = Platforms/iPhoneOS.platform/Developer/SDKs/iPhoneOS7.0.sdk/System/Library/Frameworks/CoreMotion.framework; sourceTree = DEVELOPER_DIR; };
		ED545A7B1B68A1F400C3958E /* libiconv.dylib */ = {isa = PBXFileReference; lastKnownFileType = "compiled.mach-o.dylib"; name = libiconv.dylib; path = Platforms/iPhoneOS.platform/Developer/SDKs/iPhoneOS8.4.sdk/usr/lib/libiconv.dylib; sourceTree = DEVELOPER_DIR; };
		ED545A7D1B68A1FA00C3958E /* libiconv.dylib */ = {isa = PBXFileReference; lastKnownFileType = "compiled.mach-o.dylib"; name = libiconv.dylib; path = usr/lib/libiconv.dylib; sourceTree = SDKROOT; };
/* End PBXFileReference section */

/* Begin PBXFrameworksBuildPhase section */
		1D60588F0D05DD3D006BFB54 /* Frameworks */ = {
			isa = PBXFrameworksBuildPhase;
			buildActionMask = 2147483647;
			files = (
				1784B0BF1F67A5D500E4CD7F /* UMPush.framework in Frameworks */,
				7B8D03E61F5FD96F0065B0BA /* GameController.framework in Frameworks */,
				7B8D03E41F5FD9650065B0BA /* MediaPlayer.framework in Frameworks */,
				7B8D03DD1F5FC9A70065B0BA /* CoreLocation.framework in Frameworks */,
				7B8D03C81F5FC13A0065B0BA /* TencentOpenAPI.framework in Frameworks */,
				7B8D03CF1F5FC13A0065B0BA /* libSocialTwitter.a in Frameworks */,
				7B8D02DE1F5ECCCE0065B0BA /* CoreText.framework in Frameworks */,
				7B8D02DC1F5ECCC00065B0BA /* CoreData.framework in Frameworks */,
				7B8D04001F66BB6A0065B0BA /* UMAnalytics.framework in Frameworks */,
				7B8D02DA1F5ECCB10065B0BA /* ImageIO.framework in Frameworks */,
				7B8D02D81F5ECCA30065B0BA /* Social.framework in Frameworks */,
				7B8D03C71F5FC13A0065B0BA /* libSocialQQ.a in Frameworks */,
				7B8D02D61F5ECC970065B0BA /* Accounts.framework in Frameworks */,
				7B8D02D41F5ECC8A0065B0BA /* CoreTelephony.framework in Frameworks */,
				7B8D03EB1F5FD9E50065B0BA /* FBSDKShareKit.framework in Frameworks */,
				7B8D02D21F5ECC490065B0BA /* SystemConfiguration.framework in Frameworks */,
				7B8D02D01F5ECC390065B0BA /* libxml2.tbd in Frameworks */,
				7B8D03E91F5FD9E50065B0BA /* FBSDKLoginKit.framework in Frameworks */,
				7B8D03CE1F5FC13A0065B0BA /* Fabric.framework in Frameworks */,
				7B8D03E71F5FD9E50065B0BA /* Bolts.framework in Frameworks */,
				7B8D03D81F5FC13A0065B0BA /* UMShare.framework in Frameworks */,
				7B8D03D11F5FC13A0065B0BA /* TwitterKit.framework in Frameworks */,
				7B8D03C01F5FC13A0065B0BA /* libSocialEmail.a in Frameworks */,
				7B8D03EA1F5FD9E50065B0BA /* FBSDKMessengerShareKit.framework in Frameworks */,
				7B8D02CE1F5ECC280065B0BA /* libsqlite3.tbd in Frameworks */,
				7B8D02CC1F5ECC020065B0BA /* OpenGLES.framework in Frameworks */,
				7B8D02CA1F5ECBF80065B0BA /* libc++.tbd in Frameworks */,
				7B8D03CD1F5FC13A0065B0BA /* libSocialTencentWeibo.a in Frameworks */,
				7B8D03D71F5FC13A0065B0BA /* libUMSocialLog.a in Frameworks */,
				ED545A7C1B68A1F400C3958E /* libiconv.dylib in Frameworks */,
				7B8D03DB1F5FC13A0065B0BA /* UShareUI.framework in Frameworks */,
				7B8D03D21F5FC13A0065B0BA /* libSocialWeChat.a in Frameworks */,
				52B47A471A53D09C004E4C60 /* Security.framework in Frameworks */,
				7B8D03EC1F5FD9EC0065B0BA /* libSocialFacebook.a in Frameworks */,
				7B8D03CA1F5FC13A0065B0BA /* libSocialSina.a in Frameworks */,
				1AC6FB30180E99EB004C840B /* libcocos2d iOS.a in Frameworks */,
				7B8D03E81F5FD9E50065B0BA /* FBSDKCoreKit.framework in Frameworks */,
				7B8D03D51F5FC13A0065B0BA /* libSocialWhatsApp.a in Frameworks */,
				7B8D037B1F5FC0F70065B0BA /* UMCommon.framework in Frameworks */,
				D6B0611B1803AB670077942B /* CoreMotion.framework in Frameworks */,
				7B8D03D61F5FC13A0065B0BA /* libUMSocialCloudShare.a in Frameworks */,
				7B8D03D31F5FC13A0065B0BA /* libWeChatSDK.a in Frameworks */,
				1D60589F0D05DD5A006BFB54 /* Foundation.framework in Frameworks */,
				1DF5F4E00D08C38300B7A737 /* UIKit.framework in Frameworks */,
				288765A50DF7441C002DB57D /* CoreGraphics.framework in Frameworks */,
				BF171245129291EC00B8313A /* OpenGLES.framework in Frameworks */,
				7B8D03CB1F5FC13A0065B0BA /* libWeiboSDK.a in Frameworks */,
				BF1712471292920000B8313A /* libz.dylib in Frameworks */,
				BF1C47F01293687400B63C5D /* QuartzCore.framework in Frameworks */,
				D44C620C132DFF330009C878 /* OpenAL.framework in Frameworks */,
				7B8D03D01F5FC13A0065B0BA /* TwitterCore.framework in Frameworks */,
				D44C620E132DFF430009C878 /* AVFoundation.framework in Frameworks */,
				D44C6210132DFF4E0009C878 /* AudioToolbox.framework in Frameworks */,
			);
			runOnlyForDeploymentPostprocessing = 0;
		};
		5087E75C17EB910900C73F5D /* Frameworks */ = {
			isa = PBXFrameworksBuildPhase;
			buildActionMask = 2147483647;
			files = (
				ED545A7E1B68A1FA00C3958E /* libiconv.dylib in Frameworks */,
				1AC6FB21180E996B004C840B /* libcocos2d Mac.a in Frameworks */,
				5087E76717EB910900C73F5D /* libz.dylib in Frameworks */,
				8262943E1AAF051F00CB7CF7 /* Security.framework in Frameworks */,
				503AE11B17EB9C5A00D1A890 /* IOKit.framework in Frameworks */,
				5087E78B17EB975400C73F5D /* OpenGL.framework in Frameworks */,
				5087E78917EB974C00C73F5D /* AppKit.framework in Frameworks */,
				5087E76317EB910900C73F5D /* Foundation.framework in Frameworks */,
				5087E76817EB910900C73F5D /* QuartzCore.framework in Frameworks */,
				5087E76917EB910900C73F5D /* OpenAL.framework in Frameworks */,
				5087E76A17EB910900C73F5D /* AVFoundation.framework in Frameworks */,
				5087E76B17EB910900C73F5D /* AudioToolbox.framework in Frameworks */,
			);
			runOnlyForDeploymentPostprocessing = 0;
		};
/* End PBXFrameworksBuildPhase section */

/* Begin PBXGroup section */
		080E96DDFE201D6D7F000001 /* ios */ = {
			isa = PBXGroup;
			children = (
				5087E77117EB970100C73F5D /* Icons */,
				503AE0FA17EB989F00D1A890 /* AppController.h */,
				503AE0FB17EB989F00D1A890 /* AppController.mm */,
				503AE0FC17EB989F00D1A890 /* main.m */,
				503AE0FD17EB989F00D1A890 /* Prefix.pch */,
				503AE0FE17EB989F00D1A890 /* RootViewController.h */,
				503AE0FF17EB989F00D1A890 /* RootViewController.mm */,
			);
			name = ios;
			path = Classes;
			sourceTree = "<group>";
		};
		19C28FACFE9D520D11CA2CBB /* Products */ = {
			isa = PBXGroup;
			children = (
				1D6058910D05DD3D006BFB54 /* CocosUMProject-mobile.app */,
				5087E76F17EB910900C73F5D /* CocosUMProject-desktop.app */,
			);
			name = Products;
			sourceTree = "<group>";
		};
		1AC6FAE6180E9839004C840B /* Products */ = {
			isa = PBXGroup;
			children = (
				1AC6FAF9180E9839004C840B /* libcocos2d Mac.a */,
				1AC6FB07180E9839004C840B /* libcocos2d iOS.a */,
			);
			name = Products;
			sourceTree = "<group>";
		};
		29B97314FDCFA39411CA2CEA /* CustomTemplate */ = {
			isa = PBXGroup;
			children = (
				1784B0C01F67DA2300E4CD7F /* CocosUMProject-mobile.entitlements */,
				46880B8319C43A87006E1F66 /* Classes */,
				46880B7519C43A67006E1F66 /* Resources */,
				1AC6FAE5180E9839004C840B /* cocos2d_libs.xcodeproj */,
				29B97323FDCFA39411CA2CEA /* Frameworks */,
				080E96DDFE201D6D7F000001 /* ios */,
				503AE10617EB990700D1A890 /* mac */,
				19C28FACFE9D520D11CA2CBB /* Products */,
			);
			name = CustomTemplate;
			sourceTree = "<group>";
		};
		29B97323FDCFA39411CA2CEA /* Frameworks */ = {
			isa = PBXGroup;
			children = (
				7B8D03E51F5FD96F0065B0BA /* GameController.framework */,
				7B8D03E31F5FD9650065B0BA /* MediaPlayer.framework */,
				7B8D03DF1F5FD3DA0065B0BA /* CoreVideo.framework */,
				7B8D03E01F5FD3DA0065B0BA /* VideoToolbox.framework */,
				7B8D03DC1F5FC9A60065B0BA /* CoreLocation.framework */,
				7B8D02DD1F5ECCCE0065B0BA /* CoreText.framework */,
				7B8D02DB1F5ECCC00065B0BA /* CoreData.framework */,
				7B8D02D91F5ECCB10065B0BA /* ImageIO.framework */,
				7B8D02D71F5ECCA30065B0BA /* Social.framework */,
				7B8D02D51F5ECC970065B0BA /* Accounts.framework */,
				7B8D02D31F5ECC8A0065B0BA /* CoreTelephony.framework */,
				7B8D02D11F5ECC490065B0BA /* SystemConfiguration.framework */,
				7B8D02CF1F5ECC390065B0BA /* libxml2.tbd */,
				7B8D02CD1F5ECC280065B0BA /* libsqlite3.tbd */,
				7B8D02CB1F5ECC020065B0BA /* OpenGLES.framework */,
				7B8D02C91F5ECBF80065B0BA /* libc++.tbd */,
				ED545A7D1B68A1FA00C3958E /* libiconv.dylib */,
				ED545A7B1B68A1F400C3958E /* libiconv.dylib */,
				8262943D1AAF051F00CB7CF7 /* Security.framework */,
				52B47A461A53D09B004E4C60 /* Security.framework */,
				D6B0611A1803AB670077942B /* CoreMotion.framework */,
				503AE11A17EB9C5A00D1A890 /* IOKit.framework */,
				503AE11117EB99EE00D1A890 /* libcurl.dylib */,
				5087E78A17EB975400C73F5D /* OpenGL.framework */,
				5087E78817EB974C00C73F5D /* AppKit.framework */,
				1ACB3243164770DE00914215 /* libcurl.a */,
				BF170DB412928DE900B8313A /* libz.dylib */,
				D44C620F132DFF4E0009C878 /* AudioToolbox.framework */,
				D44C620D132DFF430009C878 /* AVFoundation.framework */,
				288765A40DF7441C002DB57D /* CoreGraphics.framework */,
				1D30AB110D05D00D00671497 /* Foundation.framework */,
				D44C620B132DFF330009C878 /* OpenAL.framework */,
				BF170DB012928DE900B8313A /* OpenGLES.framework */,
				BF1C47EA1293683800B63C5D /* QuartzCore.framework */,
				1DF5F4DF0D08C38300B7A737 /* UIKit.framework */,
			);
			name = Frameworks;
			sourceTree = "<group>";
		};
		46880B7519C43A67006E1F66 /* Resources */ = {
			isa = PBXGroup;
			children = (
				521A8EA819F11F5000D177D7 /* fonts */,
				3EACC98E19EE6D4300EB3C5E /* res */,
				46880B7619C43A67006E1F66 /* CloseNormal.png */,
				46880B7719C43A67006E1F66 /* CloseSelected.png */,
				46880B7A19C43A67006E1F66 /* HelloWorld.png */,
			);
			name = Resources;
			path = ../Resources;
			sourceTree = "<group>";
		};
		46880B8319C43A87006E1F66 /* Classes */ = {
			isa = PBXGroup;
			children = (
				7B8D03791F5FC0F70065B0BA /* Common */,
				7B8D036D1F5ED1420065B0BA /* analytics */,
				7B8D02E21F5ED12E0065B0BA /* push */,
				7B8D02421F5EC17D0065B0BA /* share */,
				46880B8419C43A87006E1F66 /* AppDelegate.cpp */,
				46880B8519C43A87006E1F66 /* AppDelegate.h */,
				46880B8619C43A87006E1F66 /* HelloWorldScene.cpp */,
				46880B8719C43A87006E1F66 /* HelloWorldScene.h */,
			);
			name = Classes;
			path = ../Classes;
			sourceTree = "<group>";
		};
		503AE0F517EB97AB00D1A890 /* Icons */ = {
			isa = PBXGroup;
			children = (
				503AE0F617EB97AB00D1A890 /* Icon.icns */,
				503AE0F717EB97AB00D1A890 /* Info.plist */,
			);
			name = Icons;
			path = mac;
			sourceTree = SOURCE_ROOT;
		};
		503AE10617EB990700D1A890 /* mac */ = {
			isa = PBXGroup;
			children = (
				503AE0F517EB97AB00D1A890 /* Icons */,
				503AE10317EB98FF00D1A890 /* main.cpp */,
				503AE10417EB98FF00D1A890 /* Prefix.pch */,
			);
			name = mac;
			sourceTree = "<group>";
		};
		5087E77117EB970100C73F5D /* Icons */ = {
			isa = PBXGroup;
			children = (
				521A8E6219F0C34300D177D7 /* Default-667h@2x.png */,
				521A8E6319F0C34300D177D7 /* Default-736h@3x.png */,
				5087E77217EB970100C73F5D /* Default-568h@2x.png */,
				5087E77317EB970100C73F5D /* Default.png */,
				5087E77417EB970100C73F5D /* Default@2x.png */,
				50EF62A017ECD613001EB2F8 /* Icon-29.png */,
				50EF62A117ECD613001EB2F8 /* Icon-50.png */,
				50EF629217ECD46A001EB2F8 /* Icon-40.png */,
				50EF629317ECD46A001EB2F8 /* Icon-58.png */,
				50EF629417ECD46A001EB2F8 /* Icon-80.png */,
				50EF629517ECD46A001EB2F8 /* Icon-100.png */,
				5087E77517EB970100C73F5D /* Icon-114.png */,
				5087E77617EB970100C73F5D /* Icon-120.png */,
				5087E77717EB970100C73F5D /* Icon-144.png */,
				5087E77817EB970100C73F5D /* Icon-152.png */,
				5087E77917EB970100C73F5D /* Icon-57.png */,
				5087E77A17EB970100C73F5D /* Icon-72.png */,
				5087E77B17EB970100C73F5D /* Icon-76.png */,
				5087E77C17EB970100C73F5D /* Info.plist */,
			);
			name = Icons;
			path = ios;
			sourceTree = SOURCE_ROOT;
		};
		7B8D02421F5EC17D0065B0BA /* share */ = {
			isa = PBXGroup;
			children = (
				7B8D037E1F5FC13A0065B0BA /* umeng_ios_social_sdk */,
				7B8D02DF1F5ECF410065B0BA /* ShareScene.cpp */,
				7B8D02451F5EC17D0065B0BA /* AuthScene.cpp */,
				7B8D02461F5EC17D0065B0BA /* AuthScene.h */,
				7B8D02471F5EC17D0065B0BA /* Cocos2dx */,
				7B8D02521F5EC17D0065B0BA /* Entrance.cpp */,
				7B8D02531F5EC17D0065B0BA /* Entrance.h */,
				7B8D02541F5EC17D0065B0BA /* GetScene.cpp */,
				7B8D02551F5EC17D0065B0BA /* GetScene.h */,
				7B8D02591F5EC17D0065B0BA /* ShareScene.h */,
				7B8D025A1F5EC17D0065B0BA /* umeng_ios_social_sdk */,
			);
			path = share;
			sourceTree = "<group>";
		};
		7B8D02471F5EC17D0065B0BA /* Cocos2dx */ = {
			isa = PBXGroup;
			children = (
				7B8D024B1F5EC17D0065B0BA /* Common */,
				7B8D024F1F5EC17D0065B0BA /* iOS */,
			);
			path = Cocos2dx;
			sourceTree = "<group>";
		};
		7B8D024B1F5EC17D0065B0BA /* Common */ = {
			isa = PBXGroup;
			children = (
				7B8D024C1F5EC17D0065B0BA /* CCUMSocialSDK.cpp */,
				7B8D024D1F5EC17D0065B0BA /* CCUMSocialSDK.h */,
				7B8D024E1F5EC17D0065B0BA /* CCUMTypeDef.h */,
			);
			path = Common;
			sourceTree = "<group>";
		};
		7B8D024F1F5EC17D0065B0BA /* iOS */ = {
			isa = PBXGroup;
			children = (
				7B8D02501F5EC17D0065B0BA /* UmSocialControllerIOS.h */,
				7B8D02511F5EC17D0065B0BA /* UmSocialControllerIOS.mm */,
			);
			path = iOS;
			sourceTree = "<group>";
		};
		7B8D025A1F5EC17D0065B0BA /* umeng_ios_social_sdk */ = {
			isa = PBXGroup;
			children = (
			);
			path = umeng_ios_social_sdk;
			sourceTree = "<group>";
		};
		7B8D02E21F5ED12E0065B0BA /* push */ = {
			isa = PBXGroup;
			children = (
				7B8D03EF1F66A7D30065B0BA /* Cocos2dx */,
				7B8D03771F5FC0ED0065B0BA /* UMPush.framework */,
				7B8D02E31F5ED12F0065B0BA /* PushScence.h */,
				7B8D02E41F5ED12F0065B0BA /* PushScence.cpp */,
			);
			path = push;
			sourceTree = "<group>";
		};
		7B8D036D1F5ED1420065B0BA /* analytics */ = {
			isa = PBXGroup;
			children = (
				7B8D03FF1F66BB6A0065B0BA /* UMAnalytics.framework */,
				7B8D03711F5F885F0065B0BA /* AppScence.cpp */,
				9D11851B1F6677460039F0B1 /* MobClickCpp.h */,
				9D11851C1F6677460039F0B1 /* MobClickCpp.mm */,
				7B8D03721F5F885F0065B0BA /* AppScence.h */,
				7B8D03731F5F885F0065B0BA /* GameScence.cpp */,
				7B8D03741F5F885F0065B0BA /* GameScence.h */,
				7B8D036E1F5ED1420065B0BA /* AnalyticsHome.cpp */,
				7B8D036F1F5ED1420065B0BA /* AnalyticsHome.h */,
			);
			path = analytics;
			sourceTree = "<group>";
		};
		7B8D03791F5FC0F70065B0BA /* Common */ = {
			isa = PBXGroup;
			children = (
				7B8D037A1F5FC0F70065B0BA /* UMCommon.framework */,
			);
			path = Common;
			sourceTree = "<group>";
		};
		7B8D037E1F5FC13A0065B0BA /* umeng_ios_social_sdk */ = {
			isa = PBXGroup;
			children = (
				7B8D037F1F5FC13A0065B0BA /* UMSocial_Sdk_Extra_Frameworks */,
				7B8D03B81F5FC13A0065B0BA /* UMSocialSDK */,
				7B8D03BD1F5FC13A0065B0BA /* UMSocialUI */,
			);
			path = umeng_ios_social_sdk;
			sourceTree = "<group>";
		};
		7B8D037F1F5FC13A0065B0BA /* UMSocial_Sdk_Extra_Frameworks */ = {
			isa = PBXGroup;
			children = (
				7B8D03801F5FC13A0065B0BA /* Email */,
				7B8D03831F5FC13A0065B0BA /* Facebook */,
				7B8D038C1F5FC13A0065B0BA /* QQ */,
				7B8D03921F5FC13A0065B0BA /* Sina */,
				7B8D03A31F5FC13A0065B0BA /* TencentWeibo */,
				7B8D03A61F5FC13A0065B0BA /* Twitter */,
				7B8D03AC1F5FC13A0065B0BA /* WeChat */,
				7B8D03B51F5FC13A0065B0BA /* WhatsApp */,
			);
			path = UMSocial_Sdk_Extra_Frameworks;
			sourceTree = "<group>";
		};
		7B8D03801F5FC13A0065B0BA /* Email */ = {
			isa = PBXGroup;
			children = (
				7B8D03811F5FC13A0065B0BA /* libSocialEmail.a */,
				7B8D03821F5FC13A0065B0BA /* UMSocialEmailHandler.h */,
			);
			path = Email;
			sourceTree = "<group>";
		};
		7B8D03831F5FC13A0065B0BA /* Facebook */ = {
			isa = PBXGroup;
			children = (
				7B8D03841F5FC13A0065B0BA /* Bolts.framework */,
				7B8D03851F5FC13A0065B0BA /* facebook_ios_sdk_Prefix.pch */,
				7B8D03861F5FC13A0065B0BA /* FBSDKCoreKit.framework */,
				7B8D03871F5FC13A0065B0BA /* FBSDKLoginKit.framework */,
				7B8D03881F5FC13A0065B0BA /* FBSDKMessengerShareKit.framework */,
				7B8D03891F5FC13A0065B0BA /* FBSDKShareKit.framework */,
				7B8D038A1F5FC13A0065B0BA /* libSocialFacebook.a */,
				7B8D038B1F5FC13A0065B0BA /* UMSocialFaceBookHandler.h */,
			);
			path = Facebook;
			sourceTree = "<group>";
		};
		7B8D038C1F5FC13A0065B0BA /* QQ */ = {
			isa = PBXGroup;
			children = (
				7B8D038D1F5FC13A0065B0BA /* libSocialQQ.a */,
				7B8D038E1F5FC13A0065B0BA /* QQSDK */,
				7B8D03911F5FC13A0065B0BA /* UMSocialQQHandler.h */,
			);
			path = QQ;
			sourceTree = "<group>";
		};
		7B8D038E1F5FC13A0065B0BA /* QQSDK */ = {
			isa = PBXGroup;
			children = (
				7B8D038F1F5FC13A0065B0BA /* TencentOpenAPI.framework */,
				7B8D03901F5FC13A0065B0BA /* TencentOpenApi_IOS_Bundle.bundle */,
			);
			path = QQSDK;
			sourceTree = "<group>";
		};
		7B8D03921F5FC13A0065B0BA /* Sina */ = {
			isa = PBXGroup;
			children = (
				7B8D03931F5FC13A0065B0BA /* libSocialSina.a */,
				7B8D03941F5FC13A0065B0BA /* SinaSDK */,
				7B8D03A21F5FC13A0065B0BA /* UMSocialSinaHandler.h */,
			);
			path = Sina;
			sourceTree = "<group>";
		};
		7B8D03941F5FC13A0065B0BA /* SinaSDK */ = {
			isa = PBXGroup;
			children = (
				7B8D03951F5FC13A0065B0BA /* libWeiboSDK.a */,
				7B8D03961F5FC13A0065B0BA /* WBHttpRequest+WeiboGame.h */,
				7B8D03971F5FC13A0065B0BA /* WBHttpRequest+WeiboShare.h */,
				7B8D03981F5FC13A0065B0BA /* WBHttpRequest+WeiboToken.h */,
				7B8D03991F5FC13A0065B0BA /* WBHttpRequest+WeiboUser.h */,
				7B8D039A1F5FC13A0065B0BA /* WBHttpRequest.h */,
				7B8D039B1F5FC13A0065B0BA /* WBSDKBasicButton.h */,
				7B8D039C1F5FC13A0065B0BA /* WBSDKCommentButton.h */,
				7B8D039D1F5FC13A0065B0BA /* WBSDKRelationshipButton.h */,
				7B8D039E1F5FC13A0065B0BA /* WeiboSDK+Statistics.h */,
				7B8D039F1F5FC13A0065B0BA /* WeiboSDK.bundle */,
				7B8D03A01F5FC13A0065B0BA /* WeiboSDK.h */,
				7B8D03A11F5FC13A0065B0BA /* WeiboUser.h */,
			);
			path = SinaSDK;
			sourceTree = "<group>";
		};
		7B8D03A31F5FC13A0065B0BA /* TencentWeibo */ = {
			isa = PBXGroup;
			children = (
				7B8D03A41F5FC13A0065B0BA /* libSocialTencentWeibo.a */,
				7B8D03A51F5FC13A0065B0BA /* UMSocialTCWeiboHandler.h */,
			);
			path = TencentWeibo;
			sourceTree = "<group>";
		};
		7B8D03A61F5FC13A0065B0BA /* Twitter */ = {
			isa = PBXGroup;
			children = (
				7B8D03ED1F5FE2090065B0BA /* TwitterKitResources.bundle */,
				7B8D03A71F5FC13A0065B0BA /* Fabric.framework */,
				7B8D03A81F5FC13A0065B0BA /* libSocialTwitter.a */,
				7B8D03A91F5FC13A0065B0BA /* TwitterCore.framework */,
				7B8D03AA1F5FC13A0065B0BA /* TwitterKit.framework */,
				7B8D03AB1F5FC13A0065B0BA /* UMSocialTwitterHandler.h */,
			);
			path = Twitter;
			sourceTree = "<group>";
		};
		7B8D03AC1F5FC13A0065B0BA /* WeChat */ = {
			isa = PBXGroup;
			children = (
				7B8D03AD1F5FC13A0065B0BA /* libSocialWeChat.a */,
				7B8D03AE1F5FC13A0065B0BA /* UMSocialWechatHandler.h */,
				7B8D03AF1F5FC13A0065B0BA /* WechatSDK */,
			);
			path = WeChat;
			sourceTree = "<group>";
		};
		7B8D03AF1F5FC13A0065B0BA /* WechatSDK */ = {
			isa = PBXGroup;
			children = (
				7B8D03B01F5FC13A0065B0BA /* libWeChatSDK.a */,
				7B8D03B11F5FC13A0065B0BA /* README.txt */,
				7B8D03B21F5FC13A0065B0BA /* WechatAuthSDK.h */,
				7B8D03B31F5FC13A0065B0BA /* WXApi.h */,
				7B8D03B41F5FC13A0065B0BA /* WXApiObject.h */,
			);
			path = WechatSDK;
			sourceTree = "<group>";
		};
		7B8D03B51F5FC13A0065B0BA /* WhatsApp */ = {
			isa = PBXGroup;
			children = (
				7B8D03B61F5FC13A0065B0BA /* libSocialWhatsApp.a */,
				7B8D03B71F5FC13A0065B0BA /* UMSocialWhatsappHandler.h */,
			);
			path = WhatsApp;
			sourceTree = "<group>";
		};
		7B8D03B81F5FC13A0065B0BA /* UMSocialSDK */ = {
			isa = PBXGroup;
			children = (
				7B8D03B91F5FC13A0065B0BA /* libUMSocialCloudShare.a */,
				7B8D03BA1F5FC13A0065B0BA /* libUMSocialLog.a */,
				7B8D03BB1F5FC13A0065B0BA /* UMShare.framework */,
				7B8D03BC1F5FC13A0065B0BA /* UMSocialSDKPromptResources.bundle */,
			);
			path = UMSocialSDK;
			sourceTree = "<group>";
		};
		7B8D03BD1F5FC13A0065B0BA /* UMSocialUI */ = {
			isa = PBXGroup;
			children = (
				7B8D03BE1F5FC13A0065B0BA /* UMSocialSDKResources.bundle */,
				7B8D03BF1F5FC13A0065B0BA /* UShareUI.framework */,
			);
			path = UMSocialUI;
			sourceTree = "<group>";
		};
		7B8D03EF1F66A7D30065B0BA /* Cocos2dx */ = {
			isa = PBXGroup;
			children = (
				7B8D03F31F66A7D30065B0BA /* Common */,
				7B8D03F71F66A7D30065B0BA /* iOS */,
			);
			path = Cocos2dx;
			sourceTree = "<group>";
		};
		7B8D03F31F66A7D30065B0BA /* Common */ = {
			isa = PBXGroup;
			children = (
				7B8D03F41F66A7D30065B0BA /* CCUMPushSDK.cpp */,
				7B8D03F51F66A7D30065B0BA /* CCUMPushSDK.h */,
			);
			path = Common;
			sourceTree = "<group>";
		};
		7B8D03F71F66A7D30065B0BA /* iOS */ = {
			isa = PBXGroup;
			children = (
				7B8D03F81F66A7D30065B0BA /* UmPushControllerIOS.h */,
				7B8D03F91F66A7D30065B0BA /* UmPushControllerIOS.mm */,
			);
			path = iOS;
			sourceTree = "<group>";
		};
/* End PBXGroup section */

/* Begin PBXNativeTarget section */
		1D6058900D05DD3D006BFB54 /* CocosUMProject-mobile */ = {
			isa = PBXNativeTarget;
			buildConfigurationList = 1D6058960D05DD3E006BFB54 /* Build configuration list for PBXNativeTarget "CocosUMProject-mobile" */;
			buildPhases = (
				1D60588D0D05DD3D006BFB54 /* Resources */,
				1D60588E0D05DD3D006BFB54 /* Sources */,
				1D60588F0D05DD3D006BFB54 /* Frameworks */,
			);
			buildRules = (
			);
			dependencies = (
				1AC6FB25180E99E1004C840B /* PBXTargetDependency */,
			);
			name = "CocosUMProject-mobile";
			productName = iphone;
			productReference = 1D6058910D05DD3D006BFB54 /* CocosUMProject-mobile.app */;
			productType = "com.apple.product-type.application";
		};
		5087E73D17EB910900C73F5D /* CocosUMProject-desktop */ = {
			isa = PBXNativeTarget;
			buildConfigurationList = 5087E76C17EB910900C73F5D /* Build configuration list for PBXNativeTarget "CocosUMProject-desktop" */;
			buildPhases = (
				5087E74817EB910900C73F5D /* Resources */,
				5087E75617EB910900C73F5D /* Sources */,
				5087E75C17EB910900C73F5D /* Frameworks */,
			);
			buildRules = (
			);
			dependencies = (
				1AC6FB16180E9959004C840B /* PBXTargetDependency */,
			);
			name = "CocosUMProject-desktop";
			productName = iphone;
			productReference = 5087E76F17EB910900C73F5D /* CocosUMProject-desktop.app */;
			productType = "com.apple.product-type.application";
		};
/* End PBXNativeTarget section */

/* Begin PBXProject section */
		29B97313FDCFA39411CA2CEA /* Project object */ = {
			isa = PBXProject;
			attributes = {
				LastUpgradeCheck = 0500;
				TargetAttributes = {
					1D6058900D05DD3D006BFB54 = {
						DevelopmentTeam = 486K7NX823;
						ProvisioningStyle = Manual;
						SystemCapabilities = {
							com.apple.Push = {
								enabled = 1;
							};
						};
					};
				};
			};
			buildConfigurationList = C01FCF4E08A954540054247B /* Build configuration list for PBXProject "CocosUMProject" */;
			compatibilityVersion = "Xcode 3.2";
			developmentRegion = English;
			hasScannedForEncodings = 1;
			knownRegions = (
				English,
				Japanese,
				French,
				German,
			);
			mainGroup = 29B97314FDCFA39411CA2CEA /* CustomTemplate */;
			projectDirPath = "";
			projectReferences = (
				{
					ProductGroup = 1AC6FAE6180E9839004C840B /* Products */;
					ProjectRef = 1AC6FAE5180E9839004C840B /* cocos2d_libs.xcodeproj */;
				},
			);
			projectRoot = "";
			targets = (
				1D6058900D05DD3D006BFB54 /* CocosUMProject-mobile */,
				5087E73D17EB910900C73F5D /* CocosUMProject-desktop */,
			);
		};
/* End PBXProject section */

/* Begin PBXReferenceProxy section */
		1AC6FAF9180E9839004C840B /* libcocos2d Mac.a */ = {
			isa = PBXReferenceProxy;
			fileType = archive.ar;
			path = "libcocos2d Mac.a";
			remoteRef = 1AC6FAF8180E9839004C840B /* PBXContainerItemProxy */;
			sourceTree = BUILT_PRODUCTS_DIR;
		};
		1AC6FB07180E9839004C840B /* libcocos2d iOS.a */ = {
			isa = PBXReferenceProxy;
			fileType = archive.ar;
			path = "libcocos2d iOS.a";
			remoteRef = 1AC6FB06180E9839004C840B /* PBXContainerItemProxy */;
			sourceTree = BUILT_PRODUCTS_DIR;
		};
/* End PBXReferenceProxy section */

/* Begin PBXResourcesBuildPhase section */
		1D60588D0D05DD3D006BFB54 /* Resources */ = {
			isa = PBXResourcesBuildPhase;
			buildActionMask = 2147483647;
			files = (
				7B8D03EE1F5FE2090065B0BA /* TwitterKitResources.bundle in Resources */,
				7B8D03C91F5FC13A0065B0BA /* TencentOpenApi_IOS_Bundle.bundle in Resources */,
				5087E78117EB970100C73F5D /* Icon-120.png in Resources */,
				5087E78617EB970100C73F5D /* Icon-76.png in Resources */,
				5087E77F17EB970100C73F5D /* Default@2x.png in Resources */,
				50EF629917ECD46A001EB2F8 /* Icon-100.png in Resources */,
				7B8D03DA1F5FC13A0065B0BA /* UMSocialSDKResources.bundle in Resources */,
				5087E78317EB970100C73F5D /* Icon-152.png in Resources */,
				46880B8119C43A67006E1F66 /* HelloWorld.png in Resources */,
				46880B7D19C43A67006E1F66 /* CloseSelected.png in Resources */,
				5087E77D17EB970100C73F5D /* Default-568h@2x.png in Resources */,
				5087E78517EB970100C73F5D /* Icon-72.png in Resources */,
				7B8D03D91F5FC13A0065B0BA /* UMSocialSDKPromptResources.bundle in Resources */,
				521A8E6519F0C34300D177D7 /* Default-736h@3x.png in Resources */,
				521A8EA919F11F5000D177D7 /* fonts in Resources */,
				50EF62A317ECD613001EB2F8 /* Icon-50.png in Resources */,
				5087E78017EB970100C73F5D /* Icon-114.png in Resources */,
				50EF62A217ECD613001EB2F8 /* Icon-29.png in Resources */,
				50EF629617ECD46A001EB2F8 /* Icon-40.png in Resources */,
				7B8D03D41F5FC13A0065B0BA /* README.txt in Resources */,
				5087E78217EB970100C73F5D /* Icon-144.png in Resources */,
				3EACC98F19EE6D4300EB3C5E /* res in Resources */,
				50EF629817ECD46A001EB2F8 /* Icon-80.png in Resources */,
				5087E78417EB970100C73F5D /* Icon-57.png in Resources */,
				5087E77E17EB970100C73F5D /* Default.png in Resources */,
				521A8E6419F0C34300D177D7 /* Default-667h@2x.png in Resources */,
				7B8D03CC1F5FC13A0065B0BA /* WeiboSDK.bundle in Resources */,
				46880B7B19C43A67006E1F66 /* CloseNormal.png in Resources */,
				50EF629717ECD46A001EB2F8 /* Icon-58.png in Resources */,
			);
			runOnlyForDeploymentPostprocessing = 0;
		};
		5087E74817EB910900C73F5D /* Resources */ = {
			isa = PBXResourcesBuildPhase;
			buildActionMask = 2147483647;
			files = (
				46880B8219C43A67006E1F66 /* HelloWorld.png in Resources */,
				503AE0F817EB97AB00D1A890 /* Icon.icns in Resources */,
				3EACC99019EE6D4300EB3C5E /* res in Resources */,
				521A8EAA19F11F5000D177D7 /* fonts in Resources */,
				46880B7C19C43A67006E1F66 /* CloseNormal.png in Resources */,
				46880B7E19C43A67006E1F66 /* CloseSelected.png in Resources */,
			);
			runOnlyForDeploymentPostprocessing = 0;
		};
/* End PBXResourcesBuildPhase section */

/* Begin PBXSourcesBuildPhase section */
		1D60588E0D05DD3D006BFB54 /* Sources */ = {
			isa = PBXSourcesBuildPhase;
			buildActionMask = 2147483647;
			files = (
				46880B8819C43A87006E1F66 /* AppDelegate.cpp in Sources */,
				46880B8A19C43A87006E1F66 /* HelloWorldScene.cpp in Sources */,
				7B8D02A81F5EC17D0065B0BA /* GetScene.cpp in Sources */,
				7B8D03FB1F66A7D30065B0BA /* CCUMPushSDK.cpp in Sources */,
				7B8D02A31F5EC17D0065B0BA /* AuthScene.cpp in Sources */,
				7B8D03451F5ED12F0065B0BA /* PushScence.cpp in Sources */,
				503AE10017EB989F00D1A890 /* AppController.mm in Sources */,
				503AE10217EB989F00D1A890 /* RootViewController.mm in Sources */,
				503AE10117EB989F00D1A890 /* main.m in Sources */,
				7B8D02A71F5EC17D0065B0BA /* Entrance.cpp in Sources */,
				7B8D02A61F5EC17D0065B0BA /* UmSocialControllerIOS.mm in Sources */,
				7B8D03701F5ED1420065B0BA /* AnalyticsHome.cpp in Sources */,
				7B8D02E01F5ECF410065B0BA /* ShareScene.cpp in Sources */,
				7B8D03761F5F88600065B0BA /* GameScence.cpp in Sources */,
				7B8D03FC1F66A7D30065B0BA /* UmPushControllerIOS.mm in Sources */,
				9D11851D1F6677460039F0B1 /* MobClickCpp.mm in Sources */,
				7B8D03751F5F88600065B0BA /* AppScence.cpp in Sources */,
				7B8D02A51F5EC17D0065B0BA /* CCUMSocialSDK.cpp in Sources */,
			);
			runOnlyForDeploymentPostprocessing = 0;
		};
		5087E75617EB910900C73F5D /* Sources */ = {
			isa = PBXSourcesBuildPhase;
			buildActionMask = 2147483647;
			files = (
				46880B8919C43A87006E1F66 /* AppDelegate.cpp in Sources */,
				503AE10517EB98FF00D1A890 /* main.cpp in Sources */,
				46880B8B19C43A87006E1F66 /* HelloWorldScene.cpp in Sources */,
			);
			runOnlyForDeploymentPostprocessing = 0;
		};
/* End PBXSourcesBuildPhase section */

/* Begin PBXTargetDependency section */
		1AC6FB16180E9959004C840B /* PBXTargetDependency */ = {
			isa = PBXTargetDependency;
			name = "cocos2dx Mac";
			targetProxy = 1AC6FB15180E9959004C840B /* PBXContainerItemProxy */;
		};
		1AC6FB25180E99E1004C840B /* PBXTargetDependency */ = {
			isa = PBXTargetDependency;
			name = "cocos2dx iOS";
			targetProxy = 1AC6FB24180E99E1004C840B /* PBXContainerItemProxy */;
		};
/* End PBXTargetDependency section */

/* Begin XCBuildConfiguration section */
		1D6058940D05DD3E006BFB54 /* Debug */ = {
			isa = XCBuildConfiguration;
			buildSettings = {
				ALWAYS_SEARCH_USER_PATHS = YES;
				CODE_SIGN_ENTITLEMENTS = "CocosUMProject-mobile.entitlements";
				CODE_SIGN_IDENTITY = "iPhone Developer";
				COMPRESS_PNG_FILES = NO;
				DEVELOPMENT_TEAM = K7FM47A3M5;
				ENABLE_BITCODE = NO;
				FRAMEWORK_SEARCH_PATHS = (
					"\"$(SRCROOT)/../Classes/share/umeng_ios_social_sdk/UMSocial_Sdk_Extra_Frameworks\"/**",
					"\"$(SRCROOT)/../Classes/share/umeng_ios_social_sdk/UMSocialSDK\"",
					"$(inherited)",
					"\"$(SRCROOT)/../Classes/share/umeng_ios_social_sdk/UMSocialUI\"",
					"\"$(SRCROOT)/../Classes/Common\"",
					"\"$(SRCROOT)/../Classes/analytics\"",
					"\"$(SRCROOT)/../Classes/push\"",
				);
				GCC_DYNAMIC_NO_PIC = NO;
				GCC_INLINES_ARE_PRIVATE_EXTERN = NO;
				GCC_PRECOMPILE_PREFIX_HEADER = YES;
				GCC_PREFIX_HEADER = ios/Prefix.pch;
				GCC_PREPROCESSOR_DEFINITIONS = (
					USE_FILE32API,
					CC_TARGET_OS_IPHONE,
					"COCOS2D_DEBUG=1",
					"CC_ENABLE_CHIPMUNK_INTEGRATION=1",
				);
				GCC_SYMBOLS_PRIVATE_EXTERN = NO;
				HEADER_SEARCH_PATHS = (
					"$(inherited)",
					"$(SRCROOT)/../cocos2d/cocos/platform/ios",
					"$(SRCROOT)/../cocos2d/cocos/platform/ios/Simulation",
					"\"$(SRCROOT)/../Classes\"/**",
				);
				INFOPLIST_FILE = ios/Info.plist;
				IPHONEOS_DEPLOYMENT_TARGET = 8.0;
				LIBRARY_SEARCH_PATHS = (
					"\"$(SRCROOT)/../Classes/share/umeng_ios_social_sdk/UMSocial_Sdk_Extra_Frameworks\"/**",
					"$(SRCROOT)/../Classes/share/umeng_ios_social_sdk/**",
				);
				OTHER_LDFLAGS = "-ObjC";
				PRODUCT_BUNDLE_IDENTIFIER = com.UmengPlus.UMDemo;
				PROVISIONING_PROFILE = "a974cdf0-dd4b-4d68-ac72-52c1ce64a007";
				PROVISIONING_PROFILE_SPECIFIER = UMPush_component_dev;
				SDKROOT = iphoneos;
				TARGETED_DEVICE_FAMILY = "1,2";
				USER_HEADER_SEARCH_PATHS = "$(_COCOS_HEADER_IOS_BEGIN) $(_COCOS_HEADER_IOS_END)";
				VALID_ARCHS = "arm64 armv7 armv7s";
			};
			name = Debug;
		};
		1D6058950D05DD3E006BFB54 /* Release */ = {
			isa = XCBuildConfiguration;
			buildSettings = {
				ALWAYS_SEARCH_USER_PATHS = YES;
				CODE_SIGN_ENTITLEMENTS = "CocosUMProject-mobile.entitlements";
				CODE_SIGN_IDENTITY = "iPhone Developer";
				COMPRESS_PNG_FILES = NO;
				DEVELOPMENT_TEAM = K7FM47A3M5;
				ENABLE_BITCODE = NO;
				FRAMEWORK_SEARCH_PATHS = (
					"\"$(SRCROOT)/../Classes/share/umeng_ios_social_sdk/UMSocial_Sdk_Extra_Frameworks\"/**",
					"\"$(SRCROOT)/../Classes/share/umeng_ios_social_sdk/UMSocialSDK\"",
					"$(inherited)",
					"\"$(SRCROOT)/../Classes/share/umeng_ios_social_sdk/UMSocialUI\"",
					"\"$(SRCROOT)/../Classes/Common\"",
					"\"$(SRCROOT)/../Classes/analytics\"",
					"\"$(SRCROOT)/../Classes/push\"",
				);
				GCC_INLINES_ARE_PRIVATE_EXTERN = NO;
				GCC_PRECOMPILE_PREFIX_HEADER = YES;
				GCC_PREFIX_HEADER = ios/Prefix.pch;
				GCC_PREPROCESSOR_DEFINITIONS = (
					USE_FILE32API,
					CC_TARGET_OS_IPHONE,
					"CC_ENABLE_CHIPMUNK_INTEGRATION=1",
				);
				GCC_SYMBOLS_PRIVATE_EXTERN = NO;
				HEADER_SEARCH_PATHS = (
					"$(inherited)",
					"$(SRCROOT)/../cocos2d/cocos/platform/ios",
					"$(SRCROOT)/../cocos2d/cocos/platform/ios/Simulation",
					"\"$(SRCROOT)/../Classes\"/**",
				);
				INFOPLIST_FILE = ios/Info.plist;
				IPHONEOS_DEPLOYMENT_TARGET = 8.0;
				LIBRARY_SEARCH_PATHS = (
					"\"$(SRCROOT)/../Classes/share/umeng_ios_social_sdk/UMSocial_Sdk_Extra_Frameworks\"/**",
					"$(SRCROOT)/../Classes/share/umeng_ios_social_sdk/**",
				);
				OTHER_LDFLAGS = "-ObjC";
				PRODUCT_BUNDLE_IDENTIFIER = com.UmengPlus.UMDemo;
				PROVISIONING_PROFILE = "a974cdf0-dd4b-4d68-ac72-52c1ce64a007";
				PROVISIONING_PROFILE_SPECIFIER = UMPush_component_dev;
				SDKROOT = iphoneos;
				TARGETED_DEVICE_FAMILY = "1,2";
				USER_HEADER_SEARCH_PATHS = "$(_COCOS_HEADER_IOS_BEGIN) $(_COCOS_HEADER_IOS_END)";
				VALID_ARCHS = "arm64 armv7 armv7s";
			};
			name = Release;
		};
		5087E76D17EB910900C73F5D /* Debug */ = {
			isa = XCBuildConfiguration;
			buildSettings = {
				ALWAYS_SEARCH_USER_PATHS = YES;
				ARCHS = "$(ARCHS_STANDARD_64_BIT)";
				CLANG_CXX_LANGUAGE_STANDARD = "c++0x";
				CLANG_CXX_LIBRARY = "libc++";
				GCC_DYNAMIC_NO_PIC = NO;
				GCC_INLINES_ARE_PRIVATE_EXTERN = NO;
				GCC_PRECOMPILE_PREFIX_HEADER = YES;
				GCC_PREFIX_HEADER = mac/Prefix.pch;
				GCC_PREPROCESSOR_DEFINITIONS = (
					USE_FILE32API,
					CC_TARGET_OS_MAC,
					"COCOS2D_DEBUG=1",
					"CC_ENABLE_CHIPMUNK_INTEGRATION=1",
				);
				GCC_SYMBOLS_PRIVATE_EXTERN = NO;
				HEADER_SEARCH_PATHS = (
					"$(inherited)",
					"$(SRCROOT)/../cocos2d/cocos/platform/mac",
					"$(SRCROOT)/../cocos2d/external/glfw3/include/mac",
				);
				INFOPLIST_FILE = mac/Info.plist;
				LIBRARY_SEARCH_PATHS = "";
				OTHER_LDFLAGS = (
					"$(_COCOS_LIB_MAC_BEGIN)",
					"$(_COCOS_LIB_MAC_END)",
				);
				USER_HEADER_SEARCH_PATHS = "$(_COCOS_HEADER_MAC_BEGIN) $(_COCOS_HEADER_MAC_END)";
			};
			name = Debug;
		};
		5087E76E17EB910900C73F5D /* Release */ = {
			isa = XCBuildConfiguration;
			buildSettings = {
				ALWAYS_SEARCH_USER_PATHS = YES;
				ARCHS = "$(ARCHS_STANDARD_64_BIT)";
				CLANG_CXX_LANGUAGE_STANDARD = "c++0x";
				CLANG_CXX_LIBRARY = "libc++";
				GCC_INLINES_ARE_PRIVATE_EXTERN = NO;
				GCC_PRECOMPILE_PREFIX_HEADER = YES;
				GCC_PREFIX_HEADER = mac/Prefix.pch;
				GCC_PREPROCESSOR_DEFINITIONS = (
					USE_FILE32API,
					CC_TARGET_OS_MAC,
					"CC_ENABLE_CHIPMUNK_INTEGRATION=1",
				);
				GCC_SYMBOLS_PRIVATE_EXTERN = NO;
				HEADER_SEARCH_PATHS = (
					"$(inherited)",
					"$(SRCROOT)/../cocos2d/cocos/platform/mac",
					"$(SRCROOT)/../cocos2d/external/glfw3/include/mac",
				);
				INFOPLIST_FILE = mac/Info.plist;
				LIBRARY_SEARCH_PATHS = "";
				OTHER_LDFLAGS = (
					"$(_COCOS_LIB_MAC_BEGIN)",
					"$(_COCOS_LIB_MAC_END)",
				);
				USER_HEADER_SEARCH_PATHS = "$(_COCOS_HEADER_MAC_BEGIN) $(_COCOS_HEADER_MAC_END)";
			};
			name = Release;
		};
		C01FCF4F08A954540054247B /* Debug */ = {
			isa = XCBuildConfiguration;
			buildSettings = {
				CLANG_CXX_LANGUAGE_STANDARD = "c++0x";
				CLANG_CXX_LIBRARY = "libc++";
				COPY_PHASE_STRIP = NO;
				GCC_OPTIMIZATION_LEVEL = 0;
				GCC_WARN_ABOUT_RETURN_TYPE = YES;
				GCC_WARN_UNUSED_VARIABLE = YES;
				HEADER_SEARCH_PATHS = (
					"$(SRCROOT)/../cocos2d",
					"$(SRCROOT)/../cocos2d/cocos",
					"$(SRCROOT)/../cocos2d/cocos/base",
					"$(SRCROOT)/../cocos2d/cocos/physics",
					"$(SRCROOT)/../cocos2d/cocos/math",
					"$(SRCROOT)/../cocos2d/cocos/2d",
					"$(SRCROOT)/../cocos2d/cocos/ui",
					"$(SRCROOT)/../cocos2d/cocos/network",
					"$(SRCROOT)/../cocos2d/cocos/audio/include",
					"$(SRCROOT)/../cocos2d/cocos/editor-support",
					"$(SRCROOT)/../cocos2d/extensions",
					"$(SRCROOT)/../cocos2d/external",
					"$(SRCROOT)/../cocos2d/external/chipmunk/include/chipmunk",
				);
				MACOSX_DEPLOYMENT_TARGET = 10.7;
				ONLY_ACTIVE_ARCH = YES;
				PRODUCT_NAME = "$(TARGET_NAME)";
				SDKROOT = macosx;
			};
			name = Debug;
		};
		C01FCF5008A954540054247B /* Release */ = {
			isa = XCBuildConfiguration;
			buildSettings = {
				CLANG_CXX_LANGUAGE_STANDARD = "c++0x";
				CLANG_CXX_LIBRARY = "libc++";
				GCC_WARN_ABOUT_RETURN_TYPE = YES;
				GCC_WARN_UNUSED_VARIABLE = YES;
				HEADER_SEARCH_PATHS = (
					"$(SRCROOT)/../cocos2d",
					"$(SRCROOT)/../cocos2d/cocos",
					"$(SRCROOT)/../cocos2d/cocos/base",
					"$(SRCROOT)/../cocos2d/cocos/physics",
					"$(SRCROOT)/../cocos2d/cocos/math",
					"$(SRCROOT)/../cocos2d/cocos/2d",
					"$(SRCROOT)/../cocos2d/cocos/ui",
					"$(SRCROOT)/../cocos2d/cocos/network",
					"$(SRCROOT)/../cocos2d/cocos/audio/include",
					"$(SRCROOT)/../cocos2d/cocos/editor-support",
					"$(SRCROOT)/../cocos2d/extensions",
					"$(SRCROOT)/../cocos2d/external",
					"$(SRCROOT)/../cocos2d/external/chipmunk/include/chipmunk",
				);
				MACOSX_DEPLOYMENT_TARGET = 10.7;
				OTHER_CFLAGS = "-DNS_BLOCK_ASSERTIONS=1";
				PRODUCT_NAME = "$(TARGET_NAME)";
				SDKROOT = macosx;
				VALIDATE_PRODUCT = YES;
			};
			name = Release;
		};
/* End XCBuildConfiguration section */

/* Begin XCConfigurationList section */
		1D6058960D05DD3E006BFB54 /* Build configuration list for PBXNativeTarget "CocosUMProject-mobile" */ = {
			isa = XCConfigurationList;
			buildConfigurations = (
				1D6058940D05DD3E006BFB54 /* Debug */,
				1D6058950D05DD3E006BFB54 /* Release */,
			);
			defaultConfigurationIsVisible = 0;
			defaultConfigurationName = Debug;
		};
		5087E76C17EB910900C73F5D /* Build configuration list for PBXNativeTarget "CocosUMProject-desktop" */ = {
			isa = XCConfigurationList;
			buildConfigurations = (
				5087E76D17EB910900C73F5D /* Debug */,
				5087E76E17EB910900C73F5D /* Release */,
			);
			defaultConfigurationIsVisible = 0;
			defaultConfigurationName = Debug;
		};
		C01FCF4E08A954540054247B /* Build configuration list for PBXProject "CocosUMProject" */ = {
			isa = XCConfigurationList;
			buildConfigurations = (
				C01FCF4F08A954540054247B /* Debug */,
				C01FCF5008A954540054247B /* Release */,
			);
			defaultConfigurationIsVisible = 0;
			defaultConfigurationName = Debug;
		};
/* End XCConfigurationList section */
	};
	rootObject = 29B97313FDCFA39411CA2CEA /* Project object */;
}
